// !$*UTF8*$!
{
	archiveVersion = 1;
	classes = {
	};
	objectVersion = 46;
	objects = {

/* Begin PBXBuildFile section */
		9B01BEBA1C660D9200691C74 /* libsqlite3.tbd in Frameworks */ = {isa = PBXBuildFile; fileRef = 9B01BEB91C660D9200691C74 /* libsqlite3.tbd */; };
		9B01BEBD1C660F2900691C74 /* JobMatcherDatabase.m in Sources */ = {isa = PBXBuildFile; fileRef = 9B01BEBC1C660F2900691C74 /* JobMatcherDatabase.m */; };
		9B01BEE31C66237C00691C74 /* delete-icon.png in Resources */ = {isa = PBXBuildFile; fileRef = 9B01BEDA1C66237C00691C74 /* delete-icon.png */; };
		9B01BEE51C66237C00691C74 /* job-icon.png in Resources */ = {isa = PBXBuildFile; fileRef = 9B01BEDC1C66237C00691C74 /* job-icon.png */; };
		9B01BEE61C66237C00691C74 /* job-seekers-icon.png in Resources */ = {isa = PBXBuildFile; fileRef = 9B01BEDD1C66237C00691C74 /* job-seekers-icon.png */; };
		9B01BEE71C66237C00691C74 /* logout-icon.png in Resources */ = {isa = PBXBuildFile; fileRef = 9B01BEDE1C66237C00691C74 /* logout-icon.png */; };
		9B01BEE81C66237C00691C74 /* matches-icon.png in Resources */ = {isa = PBXBuildFile; fileRef = 9B01BEDF1C66237C00691C74 /* matches-icon.png */; };
		9B01BEE91C66237C00691C74 /* message-icon.png in Resources */ = {isa = PBXBuildFile; fileRef = 9B01BEE01C66237C00691C74 /* message-icon.png */; };
		9B01BEEA1C66237C00691C74 /* o-message-icon.png in Resources */ = {isa = PBXBuildFile; fileRef = 9B01BEE11C66237C00691C74 /* o-message-icon.png */; };
		9B01BEEC1C66239100691C74 /* default_profile_img.jpg in Resources */ = {isa = PBXBuildFile; fileRef = 9B01BEEB1C66239100691C74 /* default_profile_img.jpg */; };
		9B01BEF91C66745800691C74 /* FMDatabase.m in Sources */ = {isa = PBXBuildFile; fileRef = 9B01BEF61C66745800691C74 /* FMDatabase.m */; };
		9B01BEFA1C66745800691C74 /* FMResultSet.m in Sources */ = {isa = PBXBuildFile; fileRef = 9B01BEF81C66745800691C74 /* FMResultSet.m */; };
		9B01BEFD1C6675C000691C74 /* FMDatabasePool.m in Sources */ = {isa = PBXBuildFile; fileRef = 9B01BEFC1C6675C000691C74 /* FMDatabasePool.m */; };
		9B01BEFF1C669A0900691C74 /* JobMatcherDb.db in Resources */ = {isa = PBXBuildFile; fileRef = 9B01BEFE1C669A0900691C74 /* JobMatcherDb.db */; };
		9B01BF061C66BAC800691C74 /* BackgroundTask.m in Sources */ = {isa = PBXBuildFile; fileRef = 9B01BF051C66BAC800691C74 /* BackgroundTask.m */; };
		9B01BF081C66C59800691C74 /* SweetAlert.swift in Sources */ = {isa = PBXBuildFile; fileRef = 9B01BF071C66C59800691C74 /* SweetAlert.swift */; };
		9B01BF0D1C6748F500691C74 /* MessageService.m in Sources */ = {isa = PBXBuildFile; fileRef = 9B01BF0C1C6748F500691C74 /* MessageService.m */; };
		9B01BF101C6749B400691C74 /* AddMessageViewModel.m in Sources */ = {isa = PBXBuildFile; fileRef = 9B01BF0F1C6749B400691C74 /* AddMessageViewModel.m */; };
		9B01BF121C6785C700691C74 /* add-icon.png in Resources */ = {isa = PBXBuildFile; fileRef = 9B01BF111C6785C700691C74 /* add-icon.png */; };
		9B01BF141C67865C00691C74 /* edit-icon.png in Resources */ = {isa = PBXBuildFile; fileRef = 9B01BF131C67865C00691C74 /* edit-icon.png */; };
		9B01BF171C6787DA00691C74 /* AddJobOfferViewController.m in Sources */ = {isa = PBXBuildFile; fileRef = 9B01BF161C6787DA00691C74 /* AddJobOfferViewController.m */; };
		9B01BF1A1C67943300691C74 /* AddJobOfferViewModel.m in Sources */ = {isa = PBXBuildFile; fileRef = 9B01BF191C67943300691C74 /* AddJobOfferViewModel.m */; };
		9B01BF1D1C67A63D00691C74 /* LocationProvider.m in Sources */ = {isa = PBXBuildFile; fileRef = 9B01BF1C1C67A63D00691C74 /* LocationProvider.m */; };
		9B01BF201C67F13300691C74 /* AddProjectViewModel.m in Sources */ = {isa = PBXBuildFile; fileRef = 9B01BF1F1C67F13300691C74 /* AddProjectViewModel.m */; };
		9B01BF231C67F37A00691C74 /* AddProjectViewController.m in Sources */ = {isa = PBXBuildFile; fileRef = 9B01BF221C67F37A00691C74 /* AddProjectViewController.m */; };
		9B01BF261C68038B00691C74 /* AddSkillViewController.m in Sources */ = {isa = PBXBuildFile; fileRef = 9B01BF251C68038B00691C74 /* AddSkillViewController.m */; };
		9B01BF291C6803C000691C74 /* AddSkillViewModel.m in Sources */ = {isa = PBXBuildFile; fileRef = 9B01BF281C6803C000691C74 /* AddSkillViewModel.m */; };
		9B01BF2C1C6814E700691C74 /* AddSummaryViewController.m in Sources */ = {isa = PBXBuildFile; fileRef = 9B01BF2B1C6814E700691C74 /* AddSummaryViewController.m */; };
		9B01BF2F1C6819B900691C74 /* EditJobSeekerProfileViewModel.m in Sources */ = {isa = PBXBuildFile; fileRef = 9B01BF2E1C6819B900691C74 /* EditJobSeekerProfileViewModel.m */; };
		9B01BF451C685EA400691C74 /* pattern-w.jpg in Resources */ = {isa = PBXBuildFile; fileRef = 9B01BF441C685EA400691C74 /* pattern-w.jpg */; };
		9B086B251C5FD4D3002E39D3 /* RecruiterProfileViewModel.m in Sources */ = {isa = PBXBuildFile; fileRef = 9B086B241C5FD4D3002E39D3 /* RecruiterProfileViewModel.m */; };
		9B086B291C5FD9CE002E39D3 /* JobOfferTableViewCell.m in Sources */ = {isa = PBXBuildFile; fileRef = 9B086B271C5FD9CE002E39D3 /* JobOfferTableViewCell.m */; };
		9B086B2A1C5FD9CE002E39D3 /* JobOfferTableViewCell.xib in Resources */ = {isa = PBXBuildFile; fileRef = 9B086B281C5FD9CE002E39D3 /* JobOfferTableViewCell.xib */; };
		9B086B2D1C6003EB002E39D3 /* JobOfferViewController.m in Sources */ = {isa = PBXBuildFile; fileRef = 9B086B2C1C6003EB002E39D3 /* JobOfferViewController.m */; };
		9B086B301C60294D002E39D3 /* JobOfferService.m in Sources */ = {isa = PBXBuildFile; fileRef = 9B086B2F1C60294D002E39D3 /* JobOfferService.m */; };
		9B086B331C612E7D002E39D3 /* JobSeekerMatchesViewController.m in Sources */ = {isa = PBXBuildFile; fileRef = 9B086B321C612E7D002E39D3 /* JobSeekerMatchesViewController.m */; };
		9B086B411C626588002E39D3 /* JobSeekerMatchTableViewCell.m in Sources */ = {isa = PBXBuildFile; fileRef = 9B086B3F1C626588002E39D3 /* JobSeekerMatchTableViewCell.m */; };
		9B086B421C626588002E39D3 /* JobSeekerMatchTableViewCell.xib in Resources */ = {isa = PBXBuildFile; fileRef = 9B086B401C626588002E39D3 /* JobSeekerMatchTableViewCell.xib */; };
		9B086B451C627049002E39D3 /* ChatViewController.m in Sources */ = {isa = PBXBuildFile; fileRef = 9B086B441C627049002E39D3 /* ChatViewController.m */; };
		9B086B4F1C62BD66002E39D3 /* JobSeekerMessageTableViewCell.m in Sources */ = {isa = PBXBuildFile; fileRef = 9B086B4D1C62BD66002E39D3 /* JobSeekerMessageTableViewCell.m */; };
		9B086B501C62BD66002E39D3 /* JobSeekerMessageTableViewCell.xib in Resources */ = {isa = PBXBuildFile; fileRef = 9B086B4E1C62BD66002E39D3 /* JobSeekerMessageTableViewCell.xib */; };
		9B086B541C62BE8F002E39D3 /* RecruiterMessageTableViewCell.m in Sources */ = {isa = PBXBuildFile; fileRef = 9B086B521C62BE8F002E39D3 /* RecruiterMessageTableViewCell.m */; };
		9B086B551C62BE8F002E39D3 /* RecruiterMessageTableViewCell.xib in Resources */ = {isa = PBXBuildFile; fileRef = 9B086B531C62BE8F002E39D3 /* RecruiterMessageTableViewCell.xib */; };
		9B086B581C64D846002E39D3 /* RecruiterMatchesViewController.m in Sources */ = {isa = PBXBuildFile; fileRef = 9B086B571C64D846002E39D3 /* RecruiterMatchesViewController.m */; };
		9B086B5C1C64E2DF002E39D3 /* RecruiterMatchTableViewCell.m in Sources */ = {isa = PBXBuildFile; fileRef = 9B086B5A1C64E2DF002E39D3 /* RecruiterMatchTableViewCell.m */; };
		9B086B5D1C64E2DF002E39D3 /* RecruiterMatchTableViewCell.xib in Resources */ = {isa = PBXBuildFile; fileRef = 9B086B5B1C64E2DF002E39D3 /* RecruiterMatchTableViewCell.xib */; };
		9B93F0C81C5685A800E39663 /* AccountService.m in Sources */ = {isa = PBXBuildFile; fileRef = 9B93F0C71C5685A800E39663 /* AccountService.m */; };
		9B93F0CB1C56862700E39663 /* UserDataModel.m in Sources */ = {isa = PBXBuildFile; fileRef = 9B93F0CA1C56862700E39663 /* UserDataModel.m */; };
		9B93F0CE1C56A1B500E39663 /* Validator.m in Sources */ = {isa = PBXBuildFile; fileRef = 9B93F0CD1C56A1B500E39663 /* Validator.m */; };
		9B93F0D11C56B66C00E39663 /* HelperMethods.m in Sources */ = {isa = PBXBuildFile; fileRef = 9B93F0D01C56B66C00E39663 /* HelperMethods.m */; };
		9B93F0D41C56DE1200E39663 /* HomeViewController.m in Sources */ = {isa = PBXBuildFile; fileRef = 9B93F0D31C56DE1200E39663 /* HomeViewController.m */; };
		9B93F0DD1C56EABB00E39663 /* KeychainUserPass.m in Sources */ = {isa = PBXBuildFile; fileRef = 9B93F0DC1C56EABB00E39663 /* KeychainUserPass.m */; };
		9B93F1141C58081300E39663 /* RecruiterHomeViewController.m in Sources */ = {isa = PBXBuildFile; fileRef = 9B93F1131C58081300E39663 /* RecruiterHomeViewController.m */; };
		9B93F1181C58084700E39663 /* JobSeekerHomeViewController.m in Sources */ = {isa = PBXBuildFile; fileRef = 9B93F1171C58084700E39663 /* JobSeekerHomeViewController.m */; };
		9B93F1521C5CDC6F00E39663 /* Main.storyboard in Resources */ = {isa = PBXBuildFile; fileRef = 9B93F1501C5CDC6F00E39663 /* Main.storyboard */; };
		9B93F15A1C5CF99400E39663 /* JobSeekerService.m in Sources */ = {isa = PBXBuildFile; fileRef = 9B93F1591C5CF99400E39663 /* JobSeekerService.m */; };
		9B93F15D1C5D0FF400E39663 /* JobSeekerProfileViewModel.m in Sources */ = {isa = PBXBuildFile; fileRef = 9B93F15C1C5D0FF400E39663 /* JobSeekerProfileViewModel.m */; };
		9B93F1601C5D13FB00E39663 /* ProjectViewModel.m in Sources */ = {isa = PBXBuildFile; fileRef = 9B93F15F1C5D13FB00E39663 /* ProjectViewModel.m */; };
		9B93F1631C5D152A00E39663 /* EducationViewModel.m in Sources */ = {isa = PBXBuildFile; fileRef = 9B93F1621C5D152A00E39663 /* EducationViewModel.m */; };
		9B93F1661C5D155500E39663 /* ExperienceViewModel.m in Sources */ = {isa = PBXBuildFile; fileRef = 9B93F1651C5D155500E39663 /* ExperienceViewModel.m */; };
		9B93F1691C5D158E00E39663 /* SkillViewModel.m in Sources */ = {isa = PBXBuildFile; fileRef = 9B93F1681C5D158E00E39663 /* SkillViewModel.m */; };
		9B93F16C1C5D15B600E39663 /* JobOfferViewModel.m in Sources */ = {isa = PBXBuildFile; fileRef = 9B93F16B1C5D15B600E39663 /* JobOfferViewModel.m */; };
		9B93F16F1C5D15D600E39663 /* MessageViewModel.m in Sources */ = {isa = PBXBuildFile; fileRef = 9B93F16E1C5D15D600E39663 /* MessageViewModel.m */; };
		9B93F1971C5D5F1B00E39663 /* ProjectsTableViewCell.m in Sources */ = {isa = PBXBuildFile; fileRef = 9B93F1951C5D5F1B00E39663 /* ProjectsTableViewCell.m */; };
		9B93F1981C5D5F1B00E39663 /* ProjectsTableViewCell.xib in Resources */ = {isa = PBXBuildFile; fileRef = 9B93F1961C5D5F1B00E39663 /* ProjectsTableViewCell.xib */; };
		9B93F1AE1C5E0D8400E39663 /* CollapseClick.m in Sources */ = {isa = PBXBuildFile; fileRef = 9B93F1A81C5E0D8400E39663 /* CollapseClick.m */; };
		9B93F1AF1C5E0D8400E39663 /* CollapseClickArrow.m in Sources */ = {isa = PBXBuildFile; fileRef = 9B93F1AA1C5E0D8400E39663 /* CollapseClickArrow.m */; };
		9B93F1B01C5E0D8400E39663 /* CollapseClickCell.m in Sources */ = {isa = PBXBuildFile; fileRef = 9B93F1AC1C5E0D8400E39663 /* CollapseClickCell.m */; };
		9B93F1B11C5E0D8400E39663 /* CollapseClickCell.xib in Resources */ = {isa = PBXBuildFile; fileRef = 9B93F1AD1C5E0D8400E39663 /* CollapseClickCell.xib */; };
		9B93F1BA1C5E1F0100E39663 /* UILabel+dynamicSizeMe.m in Sources */ = {isa = PBXBuildFile; fileRef = 9B93F1B91C5E1F0100E39663 /* UILabel+dynamicSizeMe.m */; };
		9B93F1BE1C5E323B00E39663 /* SkillsTableViewCell.m in Sources */ = {isa = PBXBuildFile; fileRef = 9B93F1BC1C5E323B00E39663 /* SkillsTableViewCell.m */; };
		9B93F1BF1C5E323B00E39663 /* SkillsTableViewCell.xib in Resources */ = {isa = PBXBuildFile; fileRef = 9B93F1BD1C5E323B00E39663 /* SkillsTableViewCell.xib */; };
		9B93F1C31C5E3F1100E39663 /* ExperienceTableViewCell.m in Sources */ = {isa = PBXBuildFile; fileRef = 9B93F1C11C5E3F1100E39663 /* ExperienceTableViewCell.m */; };
		9B93F1C41C5E3F1100E39663 /* ExperienceTableViewCell.xib in Resources */ = {isa = PBXBuildFile; fileRef = 9B93F1C21C5E3F1100E39663 /* ExperienceTableViewCell.xib */; };
		9B93F1C81C5E659300E39663 /* EducationTableViewCell.m in Sources */ = {isa = PBXBuildFile; fileRef = 9B93F1C61C5E659300E39663 /* EducationTableViewCell.m */; };
		9B93F1C91C5E659300E39663 /* EducationTableViewCell.xib in Resources */ = {isa = PBXBuildFile; fileRef = 9B93F1C71C5E659300E39663 /* EducationTableViewCell.xib */; };
		9B93F1CC1C5E897800E39663 /* RecruiterService.m in Sources */ = {isa = PBXBuildFile; fileRef = 9B93F1CB1C5E897800E39663 /* RecruiterService.m */; };
		9B93F1CF1C5EA38700E39663 /* MatchService.m in Sources */ = {isa = PBXBuildFile; fileRef = 9B93F1CE1C5EA38700E39663 /* MatchService.m */; };
		9B93F1D21C5EABF400E39663 /* AddLikeViewModel.m in Sources */ = {isa = PBXBuildFile; fileRef = 9B93F1D11C5EABF400E39663 /* AddLikeViewModel.m */; };
		9B93F1D51C5EC56300E39663 /* AddDislikeViewModel.m in Sources */ = {isa = PBXBuildFile; fileRef = 9B93F1D41C5EC56300E39663 /* AddDislikeViewModel.m */; };
		9BFEBAF31C552BFC00B83A52 /* main.m in Sources */ = {isa = PBXBuildFile; fileRef = 9BFEBAF21C552BFC00B83A52 /* main.m */; };
		9BFEBAF61C552BFC00B83A52 /* AppDelegate.m in Sources */ = {isa = PBXBuildFile; fileRef = 9BFEBAF51C552BFC00B83A52 /* AppDelegate.m */; };
		9BFEBAF91C552BFC00B83A52 /* ViewController.m in Sources */ = {isa = PBXBuildFile; fileRef = 9BFEBAF81C552BFC00B83A52 /* ViewController.m */; };
		9BFEBAFF1C552BFC00B83A52 /* JobMatcher_iOS.xcdatamodeld in Sources */ = {isa = PBXBuildFile; fileRef = 9BFEBAFD1C552BFC00B83A52 /* JobMatcher_iOS.xcdatamodeld */; };
		9BFEBB011C552BFC00B83A52 /* Assets.xcassets in Resources */ = {isa = PBXBuildFile; fileRef = 9BFEBB001C552BFC00B83A52 /* Assets.xcassets */; };
		9BFEBB041C552BFC00B83A52 /* LaunchScreen.storyboard in Resources */ = {isa = PBXBuildFile; fileRef = 9BFEBB021C552BFC00B83A52 /* LaunchScreen.storyboard */; };
		9BFEBB0E1C552CEA00B83A52 /* HttpRequester.m in Sources */ = {isa = PBXBuildFile; fileRef = 9BFEBB0D1C552CEA00B83A52 /* HttpRequester.m */; };
		9BFEBB161C55368900B83A52 /* LoginViewController.m in Sources */ = {isa = PBXBuildFile; fileRef = 9BFEBB151C55368900B83A52 /* LoginViewController.m */; };
		9BFEBB191C553A2F00B83A52 /* GlobalConstants.m in Sources */ = {isa = PBXBuildFile; fileRef = 9BFEBB181C553A2F00B83A52 /* GlobalConstants.m */; };
		9BFEBB1F1C554B9D00B83A52 /* RegisterViewController.m in Sources */ = {isa = PBXBuildFile; fileRef = 9BFEBB1E1C554B9D00B83A52 /* RegisterViewController.m */; };
		9BFEBB221C555A5600B83A52 /* InternetConnectionChecker.m in Sources */ = {isa = PBXBuildFile; fileRef = 9BFEBB211C555A5600B83A52 /* InternetConnectionChecker.m */; };
		9BFEBB281C555B5400B83A52 /* Reachability.m in Sources */ = {isa = PBXBuildFile; fileRef = 9BFEBB271C555B5400B83A52 /* Reachability.m */; };
/* End PBXBuildFile section */

/* Begin PBXFileReference section */
		9B01BEB91C660D9200691C74 /* libsqlite3.tbd */ = {isa = PBXFileReference; lastKnownFileType = "sourcecode.text-based-dylib-definition"; name = libsqlite3.tbd; path = usr/lib/libsqlite3.tbd; sourceTree = SDKROOT; };
		9B01BEBB1C660F2900691C74 /* JobMatcherDatabase.h */ = {isa = PBXFileReference; fileEncoding = 4; lastKnownFileType = sourcecode.c.h; name = JobMatcherDatabase.h; path = Data/JobMatcherDatabase.h; sourceTree = "<group>"; };
		9B01BEBC1C660F2900691C74 /* JobMatcherDatabase.m */ = {isa = PBXFileReference; fileEncoding = 4; lastKnownFileType = sourcecode.c.objc; name = JobMatcherDatabase.m; path = Data/JobMatcherDatabase.m; sourceTree = "<group>"; };
		9B01BEDA1C66237C00691C74 /* delete-icon.png */ = {isa = PBXFileReference; lastKnownFileType = image.png; name = "delete-icon.png"; path = "images/icons/delete-icon.png"; sourceTree = "<group>"; };
		9B01BEDC1C66237C00691C74 /* job-icon.png */ = {isa = PBXFileReference; lastKnownFileType = image.png; name = "job-icon.png"; path = "images/icons/job-icon.png"; sourceTree = "<group>"; };
		9B01BEDD1C66237C00691C74 /* job-seekers-icon.png */ = {isa = PBXFileReference; lastKnownFileType = image.png; name = "job-seekers-icon.png"; path = "images/icons/job-seekers-icon.png"; sourceTree = "<group>"; };
		9B01BEDE1C66237C00691C74 /* logout-icon.png */ = {isa = PBXFileReference; lastKnownFileType = image.png; name = "logout-icon.png"; path = "images/icons/logout-icon.png"; sourceTree = "<group>"; };
		9B01BEDF1C66237C00691C74 /* matches-icon.png */ = {isa = PBXFileReference; lastKnownFileType = image.png; name = "matches-icon.png"; path = "images/icons/matches-icon.png"; sourceTree = "<group>"; };
		9B01BEE01C66237C00691C74 /* message-icon.png */ = {isa = PBXFileReference; lastKnownFileType = image.png; name = "message-icon.png"; path = "images/icons/message-icon.png"; sourceTree = "<group>"; };
		9B01BEE11C66237C00691C74 /* o-message-icon.png */ = {isa = PBXFileReference; lastKnownFileType = image.png; name = "o-message-icon.png"; path = "images/icons/o-message-icon.png"; sourceTree = "<group>"; };
		9B01BEEB1C66239100691C74 /* default_profile_img.jpg */ = {isa = PBXFileReference; lastKnownFileType = image.jpeg; name = default_profile_img.jpg; path = images/default_profile_img.jpg; sourceTree = "<group>"; };
		9B01BEF51C66745800691C74 /* FMDatabase.h */ = {isa = PBXFileReference; fileEncoding = 4; lastKnownFileType = sourcecode.c.h; path = FMDatabase.h; sourceTree = "<group>"; };
		9B01BEF61C66745800691C74 /* FMDatabase.m */ = {isa = PBXFileReference; fileEncoding = 4; lastKnownFileType = sourcecode.c.objc; path = FMDatabase.m; sourceTree = "<group>"; };
		9B01BEF71C66745800691C74 /* FMResultSet.h */ = {isa = PBXFileReference; fileEncoding = 4; lastKnownFileType = sourcecode.c.h; path = FMResultSet.h; sourceTree = "<group>"; };
		9B01BEF81C66745800691C74 /* FMResultSet.m */ = {isa = PBXFileReference; fileEncoding = 4; lastKnownFileType = sourcecode.c.objc; path = FMResultSet.m; sourceTree = "<group>"; };
		9B01BEFB1C6675C000691C74 /* FMDatabasePool.h */ = {isa = PBXFileReference; fileEncoding = 4; lastKnownFileType = sourcecode.c.h; path = FMDatabasePool.h; sourceTree = "<group>"; };
		9B01BEFC1C6675C000691C74 /* FMDatabasePool.m */ = {isa = PBXFileReference; fileEncoding = 4; lastKnownFileType = sourcecode.c.objc; path = FMDatabasePool.m; sourceTree = "<group>"; };
		9B01BEFE1C669A0900691C74 /* JobMatcherDb.db */ = {isa = PBXFileReference; lastKnownFileType = file; path = JobMatcherDb.db; sourceTree = "<group>"; };
		9B01BF031C66B2E300691C74 /* JobMatcher.iOS-Bridging-Header.h */ = {isa = PBXFileReference; fileEncoding = 4; lastKnownFileType = sourcecode.c.h; path = "JobMatcher.iOS-Bridging-Header.h"; sourceTree = "<group>"; };
		9B01BF041C66BAC800691C74 /* BackgroundTask.h */ = {isa = PBXFileReference; fileEncoding = 4; lastKnownFileType = sourcecode.c.h; name = BackgroundTask.h; path = Helpers/BackgroundTask.h; sourceTree = "<group>"; };
		9B01BF051C66BAC800691C74 /* BackgroundTask.m */ = {isa = PBXFileReference; fileEncoding = 4; lastKnownFileType = sourcecode.c.objc; name = BackgroundTask.m; path = Helpers/BackgroundTask.m; sourceTree = "<group>"; };
		9B01BF071C66C59800691C74 /* SweetAlert.swift */ = {isa = PBXFileReference; fileEncoding = 4; lastKnownFileType = sourcecode.swift; path = SweetAlert.swift; sourceTree = "<group>"; };
		9B01BF0B1C6748F500691C74 /* MessageService.h */ = {isa = PBXFileReference; fileEncoding = 4; lastKnownFileType = sourcecode.c.h; name = MessageService.h; path = Data/MessageService.h; sourceTree = "<group>"; };
		9B01BF0C1C6748F500691C74 /* MessageService.m */ = {isa = PBXFileReference; fileEncoding = 4; lastKnownFileType = sourcecode.c.objc; name = MessageService.m; path = Data/MessageService.m; sourceTree = "<group>"; };
		9B01BF0E1C6749B400691C74 /* AddMessageViewModel.h */ = {isa = PBXFileReference; fileEncoding = 4; lastKnownFileType = sourcecode.c.h; name = AddMessageViewModel.h; path = Models/AddMessageViewModel.h; sourceTree = "<group>"; };
		9B01BF0F1C6749B400691C74 /* AddMessageViewModel.m */ = {isa = PBXFileReference; fileEncoding = 4; lastKnownFileType = sourcecode.c.objc; name = AddMessageViewModel.m; path = Models/AddMessageViewModel.m; sourceTree = "<group>"; };
		9B01BF111C6785C700691C74 /* add-icon.png */ = {isa = PBXFileReference; lastKnownFileType = image.png; path = "add-icon.png"; sourceTree = "<group>"; };
		9B01BF131C67865C00691C74 /* edit-icon.png */ = {isa = PBXFileReference; lastKnownFileType = image.png; path = "edit-icon.png"; sourceTree = "<group>"; };
		9B01BF151C6787DA00691C74 /* AddJobOfferViewController.h */ = {isa = PBXFileReference; fileEncoding = 4; lastKnownFileType = sourcecode.c.h; name = AddJobOfferViewController.h; path = ViewControllers/Recruiter/AddJobOfferViewController.h; sourceTree = "<group>"; };
		9B01BF161C6787DA00691C74 /* AddJobOfferViewController.m */ = {isa = PBXFileReference; fileEncoding = 4; lastKnownFileType = sourcecode.c.objc; name = AddJobOfferViewController.m; path = ViewControllers/Recruiter/AddJobOfferViewController.m; sourceTree = "<group>"; };
		9B01BF181C67943300691C74 /* AddJobOfferViewModel.h */ = {isa = PBXFileReference; fileEncoding = 4; lastKnownFileType = sourcecode.c.h; name = AddJobOfferViewModel.h; path = Models/AddJobOfferViewModel.h; sourceTree = "<group>"; };
		9B01BF191C67943300691C74 /* AddJobOfferViewModel.m */ = {isa = PBXFileReference; fileEncoding = 4; lastKnownFileType = sourcecode.c.objc; name = AddJobOfferViewModel.m; path = Models/AddJobOfferViewModel.m; sourceTree = "<group>"; };
		9B01BF1B1C67A63D00691C74 /* LocationProvider.h */ = {isa = PBXFileReference; fileEncoding = 4; lastKnownFileType = sourcecode.c.h; name = LocationProvider.h; path = Helpers/LocationProvider.h; sourceTree = "<group>"; };
		9B01BF1C1C67A63D00691C74 /* LocationProvider.m */ = {isa = PBXFileReference; fileEncoding = 4; lastKnownFileType = sourcecode.c.objc; name = LocationProvider.m; path = Helpers/LocationProvider.m; sourceTree = "<group>"; };
		9B01BF1E1C67F13300691C74 /* AddProjectViewModel.h */ = {isa = PBXFileReference; fileEncoding = 4; lastKnownFileType = sourcecode.c.h; name = AddProjectViewModel.h; path = Models/AddProjectViewModel.h; sourceTree = "<group>"; };
		9B01BF1F1C67F13300691C74 /* AddProjectViewModel.m */ = {isa = PBXFileReference; fileEncoding = 4; lastKnownFileType = sourcecode.c.objc; name = AddProjectViewModel.m; path = Models/AddProjectViewModel.m; sourceTree = "<group>"; };
		9B01BF211C67F37A00691C74 /* AddProjectViewController.h */ = {isa = PBXFileReference; fileEncoding = 4; lastKnownFileType = sourcecode.c.h; name = AddProjectViewController.h; path = ViewControllers/JobSeeker/AddProjectViewController.h; sourceTree = "<group>"; };
		9B01BF221C67F37A00691C74 /* AddProjectViewController.m */ = {isa = PBXFileReference; fileEncoding = 4; lastKnownFileType = sourcecode.c.objc; name = AddProjectViewController.m; path = ViewControllers/JobSeeker/AddProjectViewController.m; sourceTree = "<group>"; };
		9B01BF241C68038B00691C74 /* AddSkillViewController.h */ = {isa = PBXFileReference; fileEncoding = 4; lastKnownFileType = sourcecode.c.h; name = AddSkillViewController.h; path = ViewControllers/JobSeeker/AddSkillViewController.h; sourceTree = "<group>"; };
		9B01BF251C68038B00691C74 /* AddSkillViewController.m */ = {isa = PBXFileReference; fileEncoding = 4; lastKnownFileType = sourcecode.c.objc; name = AddSkillViewController.m; path = ViewControllers/JobSeeker/AddSkillViewController.m; sourceTree = "<group>"; };
		9B01BF271C6803C000691C74 /* AddSkillViewModel.h */ = {isa = PBXFileReference; fileEncoding = 4; lastKnownFileType = sourcecode.c.h; name = AddSkillViewModel.h; path = Models/AddSkillViewModel.h; sourceTree = "<group>"; };
		9B01BF281C6803C000691C74 /* AddSkillViewModel.m */ = {isa = PBXFileReference; fileEncoding = 4; lastKnownFileType = sourcecode.c.objc; name = AddSkillViewModel.m; path = Models/AddSkillViewModel.m; sourceTree = "<group>"; };
		9B01BF2A1C6814E700691C74 /* AddSummaryViewController.h */ = {isa = PBXFileReference; fileEncoding = 4; lastKnownFileType = sourcecode.c.h; name = AddSummaryViewController.h; path = ViewControllers/JobSeeker/AddSummaryViewController.h; sourceTree = "<group>"; };
		9B01BF2B1C6814E700691C74 /* AddSummaryViewController.m */ = {isa = PBXFileReference; fileEncoding = 4; lastKnownFileType = sourcecode.c.objc; name = AddSummaryViewController.m; path = ViewControllers/JobSeeker/AddSummaryViewController.m; sourceTree = "<group>"; };
		9B01BF2D1C6819B900691C74 /* EditJobSeekerProfileViewModel.h */ = {isa = PBXFileReference; fileEncoding = 4; lastKnownFileType = sourcecode.c.h; name = EditJobSeekerProfileViewModel.h; path = Models/EditJobSeekerProfileViewModel.h; sourceTree = "<group>"; };
		9B01BF2E1C6819B900691C74 /* EditJobSeekerProfileViewModel.m */ = {isa = PBXFileReference; fileEncoding = 4; lastKnownFileType = sourcecode.c.objc; name = EditJobSeekerProfileViewModel.m; path = Models/EditJobSeekerProfileViewModel.m; sourceTree = "<group>"; };
		9B01BF441C685EA400691C74 /* pattern-w.jpg */ = {isa = PBXFileReference; lastKnownFileType = image.jpeg; path = "pattern-w.jpg"; sourceTree = "<group>"; };
		9B086B231C5FD4D3002E39D3 /* RecruiterProfileViewModel.h */ = {isa = PBXFileReference; fileEncoding = 4; lastKnownFileType = sourcecode.c.h; name = RecruiterProfileViewModel.h; path = Models/RecruiterProfileViewModel.h; sourceTree = "<group>"; };
		9B086B241C5FD4D3002E39D3 /* RecruiterProfileViewModel.m */ = {isa = PBXFileReference; fileEncoding = 4; lastKnownFileType = sourcecode.c.objc; name = RecruiterProfileViewModel.m; path = Models/RecruiterProfileViewModel.m; sourceTree = "<group>"; };
		9B086B261C5FD9CE002E39D3 /* JobOfferTableViewCell.h */ = {isa = PBXFileReference; fileEncoding = 4; lastKnownFileType = sourcecode.c.h; path = JobOfferTableViewCell.h; sourceTree = "<group>"; };
		9B086B271C5FD9CE002E39D3 /* JobOfferTableViewCell.m */ = {isa = PBXFileReference; fileEncoding = 4; lastKnownFileType = sourcecode.c.objc; path = JobOfferTableViewCell.m; sourceTree = "<group>"; };
		9B086B281C5FD9CE002E39D3 /* JobOfferTableViewCell.xib */ = {isa = PBXFileReference; fileEncoding = 4; lastKnownFileType = file.xib; path = JobOfferTableViewCell.xib; sourceTree = "<group>"; };
		9B086B2B1C6003EB002E39D3 /* JobOfferViewController.h */ = {isa = PBXFileReference; fileEncoding = 4; lastKnownFileType = sourcecode.c.h; name = JobOfferViewController.h; path = ViewControllers/Recruiter/JobOfferViewController.h; sourceTree = "<group>"; };
		9B086B2C1C6003EB002E39D3 /* JobOfferViewController.m */ = {isa = PBXFileReference; fileEncoding = 4; lastKnownFileType = sourcecode.c.objc; name = JobOfferViewController.m; path = ViewControllers/Recruiter/JobOfferViewController.m; sourceTree = "<group>"; };
		9B086B2E1C60294D002E39D3 /* JobOfferService.h */ = {isa = PBXFileReference; fileEncoding = 4; lastKnownFileType = sourcecode.c.h; name = JobOfferService.h; path = Data/JobOfferService.h; sourceTree = "<group>"; };
		9B086B2F1C60294D002E39D3 /* JobOfferService.m */ = {isa = PBXFileReference; fileEncoding = 4; lastKnownFileType = sourcecode.c.objc; name = JobOfferService.m; path = Data/JobOfferService.m; sourceTree = "<group>"; };
		9B086B311C612E7D002E39D3 /* JobSeekerMatchesViewController.h */ = {isa = PBXFileReference; fileEncoding = 4; lastKnownFileType = sourcecode.c.h; name = JobSeekerMatchesViewController.h; path = ViewControllers/JobSeeker/JobSeekerMatchesViewController.h; sourceTree = "<group>"; };
		9B086B321C612E7D002E39D3 /* JobSeekerMatchesViewController.m */ = {isa = PBXFileReference; fileEncoding = 4; lastKnownFileType = sourcecode.c.objc; name = JobSeekerMatchesViewController.m; path = ViewControllers/JobSeeker/JobSeekerMatchesViewController.m; sourceTree = "<group>"; };
		9B086B3E1C626588002E39D3 /* JobSeekerMatchTableViewCell.h */ = {isa = PBXFileReference; fileEncoding = 4; lastKnownFileType = sourcecode.c.h; path = JobSeekerMatchTableViewCell.h; sourceTree = "<group>"; };
		9B086B3F1C626588002E39D3 /* JobSeekerMatchTableViewCell.m */ = {isa = PBXFileReference; fileEncoding = 4; lastKnownFileType = sourcecode.c.objc; path = JobSeekerMatchTableViewCell.m; sourceTree = "<group>"; };
		9B086B401C626588002E39D3 /* JobSeekerMatchTableViewCell.xib */ = {isa = PBXFileReference; fileEncoding = 4; lastKnownFileType = file.xib; path = JobSeekerMatchTableViewCell.xib; sourceTree = "<group>"; };
		9B086B431C627049002E39D3 /* ChatViewController.h */ = {isa = PBXFileReference; fileEncoding = 4; lastKnownFileType = sourcecode.c.h; name = ChatViewController.h; path = ViewControllers/ChatViewController.h; sourceTree = "<group>"; };
		9B086B441C627049002E39D3 /* ChatViewController.m */ = {isa = PBXFileReference; fileEncoding = 4; lastKnownFileType = sourcecode.c.objc; name = ChatViewController.m; path = ViewControllers/ChatViewController.m; sourceTree = "<group>"; };
		9B086B4C1C62BD66002E39D3 /* JobSeekerMessageTableViewCell.h */ = {isa = PBXFileReference; fileEncoding = 4; lastKnownFileType = sourcecode.c.h; path = JobSeekerMessageTableViewCell.h; sourceTree = "<group>"; };
		9B086B4D1C62BD66002E39D3 /* JobSeekerMessageTableViewCell.m */ = {isa = PBXFileReference; fileEncoding = 4; lastKnownFileType = sourcecode.c.objc; path = JobSeekerMessageTableViewCell.m; sourceTree = "<group>"; };
		9B086B4E1C62BD66002E39D3 /* JobSeekerMessageTableViewCell.xib */ = {isa = PBXFileReference; fileEncoding = 4; lastKnownFileType = file.xib; path = JobSeekerMessageTableViewCell.xib; sourceTree = "<group>"; };
		9B086B511C62BE8F002E39D3 /* RecruiterMessageTableViewCell.h */ = {isa = PBXFileReference; fileEncoding = 4; lastKnownFileType = sourcecode.c.h; path = RecruiterMessageTableViewCell.h; sourceTree = "<group>"; };
		9B086B521C62BE8F002E39D3 /* RecruiterMessageTableViewCell.m */ = {isa = PBXFileReference; fileEncoding = 4; lastKnownFileType = sourcecode.c.objc; path = RecruiterMessageTableViewCell.m; sourceTree = "<group>"; };
		9B086B531C62BE8F002E39D3 /* RecruiterMessageTableViewCell.xib */ = {isa = PBXFileReference; fileEncoding = 4; lastKnownFileType = file.xib; path = RecruiterMessageTableViewCell.xib; sourceTree = "<group>"; };
		9B086B561C64D846002E39D3 /* RecruiterMatchesViewController.h */ = {isa = PBXFileReference; fileEncoding = 4; lastKnownFileType = sourcecode.c.h; name = RecruiterMatchesViewController.h; path = ViewControllers/Recruiter/RecruiterMatchesViewController.h; sourceTree = "<group>"; };
		9B086B571C64D846002E39D3 /* RecruiterMatchesViewController.m */ = {isa = PBXFileReference; fileEncoding = 4; lastKnownFileType = sourcecode.c.objc; name = RecruiterMatchesViewController.m; path = ViewControllers/Recruiter/RecruiterMatchesViewController.m; sourceTree = "<group>"; };
		9B086B591C64E2DF002E39D3 /* RecruiterMatchTableViewCell.h */ = {isa = PBXFileReference; fileEncoding = 4; lastKnownFileType = sourcecode.c.h; path = RecruiterMatchTableViewCell.h; sourceTree = "<group>"; };
		9B086B5A1C64E2DF002E39D3 /* RecruiterMatchTableViewCell.m */ = {isa = PBXFileReference; fileEncoding = 4; lastKnownFileType = sourcecode.c.objc; path = RecruiterMatchTableViewCell.m; sourceTree = "<group>"; };
		9B086B5B1C64E2DF002E39D3 /* RecruiterMatchTableViewCell.xib */ = {isa = PBXFileReference; fileEncoding = 4; lastKnownFileType = file.xib; path = RecruiterMatchTableViewCell.xib; sourceTree = "<group>"; };
		9B93F0C61C5685A800E39663 /* AccountService.h */ = {isa = PBXFileReference; fileEncoding = 4; lastKnownFileType = sourcecode.c.h; name = AccountService.h; path = Data/AccountService.h; sourceTree = "<group>"; };
		9B93F0C71C5685A800E39663 /* AccountService.m */ = {isa = PBXFileReference; fileEncoding = 4; lastKnownFileType = sourcecode.c.objc; name = AccountService.m; path = Data/AccountService.m; sourceTree = "<group>"; };
		9B93F0C91C56862700E39663 /* UserDataModel.h */ = {isa = PBXFileReference; fileEncoding = 4; lastKnownFileType = sourcecode.c.h; name = UserDataModel.h; path = Models/UserDataModel.h; sourceTree = "<group>"; };
		9B93F0CA1C56862700E39663 /* UserDataModel.m */ = {isa = PBXFileReference; fileEncoding = 4; lastKnownFileType = sourcecode.c.objc; name = UserDataModel.m; path = Models/UserDataModel.m; sourceTree = "<group>"; };
		9B93F0CC1C56A1B500E39663 /* Validator.h */ = {isa = PBXFileReference; fileEncoding = 4; lastKnownFileType = sourcecode.c.h; name = Validator.h; path = Helpers/Validator.h; sourceTree = "<group>"; };
		9B93F0CD1C56A1B500E39663 /* Validator.m */ = {isa = PBXFileReference; fileEncoding = 4; lastKnownFileType = sourcecode.c.objc; name = Validator.m; path = Helpers/Validator.m; sourceTree = "<group>"; };
		9B93F0CF1C56B66C00E39663 /* HelperMethods.h */ = {isa = PBXFileReference; fileEncoding = 4; lastKnownFileType = sourcecode.c.h; name = HelperMethods.h; path = Helpers/HelperMethods.h; sourceTree = "<group>"; };
		9B93F0D01C56B66C00E39663 /* HelperMethods.m */ = {isa = PBXFileReference; fileEncoding = 4; lastKnownFileType = sourcecode.c.objc; name = HelperMethods.m; path = Helpers/HelperMethods.m; sourceTree = "<group>"; };
		9B93F0D21C56DE1200E39663 /* HomeViewController.h */ = {isa = PBXFileReference; fileEncoding = 4; lastKnownFileType = sourcecode.c.h; name = HomeViewController.h; path = ViewControllers/HomeViewController.h; sourceTree = "<group>"; };
		9B93F0D31C56DE1200E39663 /* HomeViewController.m */ = {isa = PBXFileReference; fileEncoding = 4; lastKnownFileType = sourcecode.c.objc; name = HomeViewController.m; path = ViewControllers/HomeViewController.m; sourceTree = "<group>"; };
		9B93F0DB1C56EABB00E39663 /* KeychainUserPass.h */ = {isa = PBXFileReference; fileEncoding = 4; lastKnownFileType = sourcecode.c.h; path = KeychainUserPass.h; sourceTree = "<group>"; };
		9B93F0DC1C56EABB00E39663 /* KeychainUserPass.m */ = {isa = PBXFileReference; fileEncoding = 4; lastKnownFileType = sourcecode.c.objc; path = KeychainUserPass.m; sourceTree = "<group>"; };
		9B93F1121C58081300E39663 /* RecruiterHomeViewController.h */ = {isa = PBXFileReference; fileEncoding = 4; lastKnownFileType = sourcecode.c.h; name = RecruiterHomeViewController.h; path = ViewControllers/Recruiter/RecruiterHomeViewController.h; sourceTree = "<group>"; };
		9B93F1131C58081300E39663 /* RecruiterHomeViewController.m */ = {isa = PBXFileReference; fileEncoding = 4; lastKnownFileType = sourcecode.c.objc; name = RecruiterHomeViewController.m; path = ViewControllers/Recruiter/RecruiterHomeViewController.m; sourceTree = "<group>"; };
		9B93F1161C58084700E39663 /* JobSeekerHomeViewController.h */ = {isa = PBXFileReference; fileEncoding = 4; lastKnownFileType = sourcecode.c.h; name = JobSeekerHomeViewController.h; path = ViewControllers/JobSeeker/JobSeekerHomeViewController.h; sourceTree = "<group>"; };
		9B93F1171C58084700E39663 /* JobSeekerHomeViewController.m */ = {isa = PBXFileReference; fileEncoding = 4; lastKnownFileType = sourcecode.c.objc; name = JobSeekerHomeViewController.m; path = ViewControllers/JobSeeker/JobSeekerHomeViewController.m; sourceTree = "<group>"; };
		9B93F1511C5CDC6F00E39663 /* Base */ = {isa = PBXFileReference; lastKnownFileType = file.storyboard; name = Base; path = Base.lproj/Main.storyboard; sourceTree = "<group>"; };
		9B93F1581C5CF99400E39663 /* JobSeekerService.h */ = {isa = PBXFileReference; fileEncoding = 4; lastKnownFileType = sourcecode.c.h; name = JobSeekerService.h; path = Data/JobSeekerService.h; sourceTree = "<group>"; };
		9B93F1591C5CF99400E39663 /* JobSeekerService.m */ = {isa = PBXFileReference; fileEncoding = 4; lastKnownFileType = sourcecode.c.objc; name = JobSeekerService.m; path = Data/JobSeekerService.m; sourceTree = "<group>"; };
		9B93F15B1C5D0FF400E39663 /* JobSeekerProfileViewModel.h */ = {isa = PBXFileReference; fileEncoding = 4; lastKnownFileType = sourcecode.c.h; name = JobSeekerProfileViewModel.h; path = Models/JobSeekerProfileViewModel.h; sourceTree = "<group>"; };
		9B93F15C1C5D0FF400E39663 /* JobSeekerProfileViewModel.m */ = {isa = PBXFileReference; fileEncoding = 4; lastKnownFileType = sourcecode.c.objc; name = JobSeekerProfileViewModel.m; path = Models/JobSeekerProfileViewModel.m; sourceTree = "<group>"; };
		9B93F15E1C5D13FB00E39663 /* ProjectViewModel.h */ = {isa = PBXFileReference; fileEncoding = 4; lastKnownFileType = sourcecode.c.h; name = ProjectViewModel.h; path = Models/ProjectViewModel.h; sourceTree = "<group>"; };
		9B93F15F1C5D13FB00E39663 /* ProjectViewModel.m */ = {isa = PBXFileReference; fileEncoding = 4; lastKnownFileType = sourcecode.c.objc; name = ProjectViewModel.m; path = Models/ProjectViewModel.m; sourceTree = "<group>"; };
		9B93F1611C5D152A00E39663 /* EducationViewModel.h */ = {isa = PBXFileReference; fileEncoding = 4; lastKnownFileType = sourcecode.c.h; name = EducationViewModel.h; path = Models/EducationViewModel.h; sourceTree = "<group>"; };
		9B93F1621C5D152A00E39663 /* EducationViewModel.m */ = {isa = PBXFileReference; fileEncoding = 4; lastKnownFileType = sourcecode.c.objc; name = EducationViewModel.m; path = Models/EducationViewModel.m; sourceTree = "<group>"; };
		9B93F1641C5D155500E39663 /* ExperienceViewModel.h */ = {isa = PBXFileReference; fileEncoding = 4; lastKnownFileType = sourcecode.c.h; name = ExperienceViewModel.h; path = Models/ExperienceViewModel.h; sourceTree = "<group>"; };
		9B93F1651C5D155500E39663 /* ExperienceViewModel.m */ = {isa = PBXFileReference; fileEncoding = 4; lastKnownFileType = sourcecode.c.objc; name = ExperienceViewModel.m; path = Models/ExperienceViewModel.m; sourceTree = "<group>"; };
		9B93F1671C5D158E00E39663 /* SkillViewModel.h */ = {isa = PBXFileReference; fileEncoding = 4; lastKnownFileType = sourcecode.c.h; name = SkillViewModel.h; path = Models/SkillViewModel.h; sourceTree = "<group>"; };
		9B93F1681C5D158E00E39663 /* SkillViewModel.m */ = {isa = PBXFileReference; fileEncoding = 4; lastKnownFileType = sourcecode.c.objc; name = SkillViewModel.m; path = Models/SkillViewModel.m; sourceTree = "<group>"; };
		9B93F16A1C5D15B600E39663 /* JobOfferViewModel.h */ = {isa = PBXFileReference; fileEncoding = 4; lastKnownFileType = sourcecode.c.h; name = JobOfferViewModel.h; path = Models/JobOfferViewModel.h; sourceTree = "<group>"; };
		9B93F16B1C5D15B600E39663 /* JobOfferViewModel.m */ = {isa = PBXFileReference; fileEncoding = 4; lastKnownFileType = sourcecode.c.objc; name = JobOfferViewModel.m; path = Models/JobOfferViewModel.m; sourceTree = "<group>"; };
		9B93F16D1C5D15D600E39663 /* MessageViewModel.h */ = {isa = PBXFileReference; fileEncoding = 4; lastKnownFileType = sourcecode.c.h; name = MessageViewModel.h; path = Models/MessageViewModel.h; sourceTree = "<group>"; };
		9B93F16E1C5D15D600E39663 /* MessageViewModel.m */ = {isa = PBXFileReference; fileEncoding = 4; lastKnownFileType = sourcecode.c.objc; name = MessageViewModel.m; path = Models/MessageViewModel.m; sourceTree = "<group>"; };
		9B93F1941C5D5F1B00E39663 /* ProjectsTableViewCell.h */ = {isa = PBXFileReference; fileEncoding = 4; lastKnownFileType = sourcecode.c.h; path = ProjectsTableViewCell.h; sourceTree = "<group>"; };
		9B93F1951C5D5F1B00E39663 /* ProjectsTableViewCell.m */ = {isa = PBXFileReference; fileEncoding = 4; lastKnownFileType = sourcecode.c.objc; path = ProjectsTableViewCell.m; sourceTree = "<group>"; };
		9B93F1961C5D5F1B00E39663 /* ProjectsTableViewCell.xib */ = {isa = PBXFileReference; fileEncoding = 4; lastKnownFileType = file.xib; path = ProjectsTableViewCell.xib; sourceTree = "<group>"; };
		9B93F1A71C5E0D8400E39663 /* CollapseClick.h */ = {isa = PBXFileReference; fileEncoding = 4; lastKnownFileType = sourcecode.c.h; path = CollapseClick.h; sourceTree = "<group>"; };
		9B93F1A81C5E0D8400E39663 /* CollapseClick.m */ = {isa = PBXFileReference; fileEncoding = 4; lastKnownFileType = sourcecode.c.objc; path = CollapseClick.m; sourceTree = "<group>"; };
		9B93F1A91C5E0D8400E39663 /* CollapseClickArrow.h */ = {isa = PBXFileReference; fileEncoding = 4; lastKnownFileType = sourcecode.c.h; path = CollapseClickArrow.h; sourceTree = "<group>"; };
		9B93F1AA1C5E0D8400E39663 /* CollapseClickArrow.m */ = {isa = PBXFileReference; fileEncoding = 4; lastKnownFileType = sourcecode.c.objc; path = CollapseClickArrow.m; sourceTree = "<group>"; };
		9B93F1AB1C5E0D8400E39663 /* CollapseClickCell.h */ = {isa = PBXFileReference; fileEncoding = 4; lastKnownFileType = sourcecode.c.h; path = CollapseClickCell.h; sourceTree = "<group>"; };
		9B93F1AC1C5E0D8400E39663 /* CollapseClickCell.m */ = {isa = PBXFileReference; fileEncoding = 4; lastKnownFileType = sourcecode.c.objc; path = CollapseClickCell.m; sourceTree = "<group>"; };
		9B93F1AD1C5E0D8400E39663 /* CollapseClickCell.xib */ = {isa = PBXFileReference; fileEncoding = 4; lastKnownFileType = file.xib; path = CollapseClickCell.xib; sourceTree = "<group>"; };
		9B93F1B81C5E1F0100E39663 /* UILabel+dynamicSizeMe.h */ = {isa = PBXFileReference; fileEncoding = 4; lastKnownFileType = sourcecode.c.h; path = "UILabel+dynamicSizeMe.h"; sourceTree = "<group>"; };
		9B93F1B91C5E1F0100E39663 /* UILabel+dynamicSizeMe.m */ = {isa = PBXFileReference; fileEncoding = 4; lastKnownFileType = sourcecode.c.objc; path = "UILabel+dynamicSizeMe.m"; sourceTree = "<group>"; };
		9B93F1BB1C5E323B00E39663 /* SkillsTableViewCell.h */ = {isa = PBXFileReference; fileEncoding = 4; lastKnownFileType = sourcecode.c.h; path = SkillsTableViewCell.h; sourceTree = "<group>"; };
		9B93F1BC1C5E323B00E39663 /* SkillsTableViewCell.m */ = {isa = PBXFileReference; fileEncoding = 4; lastKnownFileType = sourcecode.c.objc; path = SkillsTableViewCell.m; sourceTree = "<group>"; };
		9B93F1BD1C5E323B00E39663 /* SkillsTableViewCell.xib */ = {isa = PBXFileReference; fileEncoding = 4; lastKnownFileType = file.xib; path = SkillsTableViewCell.xib; sourceTree = "<group>"; };
		9B93F1C01C5E3F1100E39663 /* ExperienceTableViewCell.h */ = {isa = PBXFileReference; fileEncoding = 4; lastKnownFileType = sourcecode.c.h; path = ExperienceTableViewCell.h; sourceTree = "<group>"; };
		9B93F1C11C5E3F1100E39663 /* ExperienceTableViewCell.m */ = {isa = PBXFileReference; fileEncoding = 4; lastKnownFileType = sourcecode.c.objc; path = ExperienceTableViewCell.m; sourceTree = "<group>"; };
		9B93F1C21C5E3F1100E39663 /* ExperienceTableViewCell.xib */ = {isa = PBXFileReference; fileEncoding = 4; lastKnownFileType = file.xib; path = ExperienceTableViewCell.xib; sourceTree = "<group>"; };
		9B93F1C51C5E659300E39663 /* EducationTableViewCell.h */ = {isa = PBXFileReference; fileEncoding = 4; lastKnownFileType = sourcecode.c.h; path = EducationTableViewCell.h; sourceTree = "<group>"; };
		9B93F1C61C5E659300E39663 /* EducationTableViewCell.m */ = {isa = PBXFileReference; fileEncoding = 4; lastKnownFileType = sourcecode.c.objc; path = EducationTableViewCell.m; sourceTree = "<group>"; };
		9B93F1C71C5E659300E39663 /* EducationTableViewCell.xib */ = {isa = PBXFileReference; fileEncoding = 4; lastKnownFileType = file.xib; path = EducationTableViewCell.xib; sourceTree = "<group>"; };
		9B93F1CA1C5E897800E39663 /* RecruiterService.h */ = {isa = PBXFileReference; fileEncoding = 4; lastKnownFileType = sourcecode.c.h; name = RecruiterService.h; path = Data/RecruiterService.h; sourceTree = "<group>"; };
		9B93F1CB1C5E897800E39663 /* RecruiterService.m */ = {isa = PBXFileReference; fileEncoding = 4; lastKnownFileType = sourcecode.c.objc; name = RecruiterService.m; path = Data/RecruiterService.m; sourceTree = "<group>"; };
		9B93F1CD1C5EA38700E39663 /* MatchService.h */ = {isa = PBXFileReference; fileEncoding = 4; lastKnownFileType = sourcecode.c.h; name = MatchService.h; path = Data/MatchService.h; sourceTree = "<group>"; };
		9B93F1CE1C5EA38700E39663 /* MatchService.m */ = {isa = PBXFileReference; fileEncoding = 4; lastKnownFileType = sourcecode.c.objc; name = MatchService.m; path = Data/MatchService.m; sourceTree = "<group>"; };
		9B93F1D01C5EABF400E39663 /* AddLikeViewModel.h */ = {isa = PBXFileReference; fileEncoding = 4; lastKnownFileType = sourcecode.c.h; name = AddLikeViewModel.h; path = Models/AddLikeViewModel.h; sourceTree = "<group>"; };
		9B93F1D11C5EABF400E39663 /* AddLikeViewModel.m */ = {isa = PBXFileReference; fileEncoding = 4; lastKnownFileType = sourcecode.c.objc; name = AddLikeViewModel.m; path = Models/AddLikeViewModel.m; sourceTree = "<group>"; };
		9B93F1D31C5EC56300E39663 /* AddDislikeViewModel.h */ = {isa = PBXFileReference; fileEncoding = 4; lastKnownFileType = sourcecode.c.h; name = AddDislikeViewModel.h; path = Models/AddDislikeViewModel.h; sourceTree = "<group>"; };
		9B93F1D41C5EC56300E39663 /* AddDislikeViewModel.m */ = {isa = PBXFileReference; fileEncoding = 4; lastKnownFileType = sourcecode.c.objc; name = AddDislikeViewModel.m; path = Models/AddDislikeViewModel.m; sourceTree = "<group>"; };
		9BFEBAEE1C552BFB00B83A52 /* JobMatcher.iOS.app */ = {isa = PBXFileReference; explicitFileType = wrapper.application; includeInIndex = 0; path = JobMatcher.iOS.app; sourceTree = BUILT_PRODUCTS_DIR; };
		9BFEBAF21C552BFC00B83A52 /* main.m */ = {isa = PBXFileReference; lastKnownFileType = sourcecode.c.objc; path = main.m; sourceTree = "<group>"; };
		9BFEBAF41C552BFC00B83A52 /* AppDelegate.h */ = {isa = PBXFileReference; lastKnownFileType = sourcecode.c.h; path = AppDelegate.h; sourceTree = "<group>"; };
		9BFEBAF51C552BFC00B83A52 /* AppDelegate.m */ = {isa = PBXFileReference; lastKnownFileType = sourcecode.c.objc; path = AppDelegate.m; sourceTree = "<group>"; };
		9BFEBAF71C552BFC00B83A52 /* ViewController.h */ = {isa = PBXFileReference; lastKnownFileType = sourcecode.c.h; path = ViewController.h; sourceTree = "<group>"; };
		9BFEBAF81C552BFC00B83A52 /* ViewController.m */ = {isa = PBXFileReference; lastKnownFileType = sourcecode.c.objc; path = ViewController.m; sourceTree = "<group>"; };
		9BFEBAFE1C552BFC00B83A52 /* JobMatcher_iOS.xcdatamodel */ = {isa = PBXFileReference; lastKnownFileType = wrapper.xcdatamodel; path = JobMatcher_iOS.xcdatamodel; sourceTree = "<group>"; };
		9BFEBB001C552BFC00B83A52 /* Assets.xcassets */ = {isa = PBXFileReference; lastKnownFileType = folder.assetcatalog; path = Assets.xcassets; sourceTree = "<group>"; };
		9BFEBB031C552BFC00B83A52 /* Base */ = {isa = PBXFileReference; lastKnownFileType = file.storyboard; name = Base; path = Base.lproj/LaunchScreen.storyboard; sourceTree = "<group>"; };
		9BFEBB051C552BFC00B83A52 /* Info.plist */ = {isa = PBXFileReference; lastKnownFileType = text.plist.xml; path = Info.plist; sourceTree = "<group>"; };
		9BFEBB0C1C552CEA00B83A52 /* HttpRequester.h */ = {isa = PBXFileReference; fileEncoding = 4; lastKnownFileType = sourcecode.c.h; name = HttpRequester.h; path = Data/HttpRequester.h; sourceTree = "<group>"; };
		9BFEBB0D1C552CEA00B83A52 /* HttpRequester.m */ = {isa = PBXFileReference; fileEncoding = 4; lastKnownFileType = sourcecode.c.objc; name = HttpRequester.m; path = Data/HttpRequester.m; sourceTree = "<group>"; };
		9BFEBB141C55368900B83A52 /* LoginViewController.h */ = {isa = PBXFileReference; fileEncoding = 4; lastKnownFileType = sourcecode.c.h; name = LoginViewController.h; path = ViewControllers/Account/LoginViewController.h; sourceTree = "<group>"; };
		9BFEBB151C55368900B83A52 /* LoginViewController.m */ = {isa = PBXFileReference; fileEncoding = 4; lastKnownFileType = sourcecode.c.objc; name = LoginViewController.m; path = ViewControllers/Account/LoginViewController.m; sourceTree = "<group>"; };
		9BFEBB171C553A2F00B83A52 /* GlobalConstants.h */ = {isa = PBXFileReference; fileEncoding = 4; lastKnownFileType = sourcecode.c.h; name = GlobalConstants.h; path = Helpers/GlobalConstants.h; sourceTree = "<group>"; };
		9BFEBB181C553A2F00B83A52 /* GlobalConstants.m */ = {isa = PBXFileReference; fileEncoding = 4; lastKnownFileType = sourcecode.c.objc; name = GlobalConstants.m; path = Helpers/GlobalConstants.m; sourceTree = "<group>"; };
		9BFEBB1D1C554B9D00B83A52 /* RegisterViewController.h */ = {isa = PBXFileReference; fileEncoding = 4; lastKnownFileType = sourcecode.c.h; name = RegisterViewController.h; path = ViewControllers/Account/RegisterViewController.h; sourceTree = "<group>"; };
		9BFEBB1E1C554B9D00B83A52 /* RegisterViewController.m */ = {isa = PBXFileReference; fileEncoding = 4; lastKnownFileType = sourcecode.c.objc; name = RegisterViewController.m; path = ViewControllers/Account/RegisterViewController.m; sourceTree = "<group>"; };
		9BFEBB201C555A5600B83A52 /* InternetConnectionChecker.h */ = {isa = PBXFileReference; fileEncoding = 4; lastKnownFileType = sourcecode.c.h; name = InternetConnectionChecker.h; path = Helpers/InternetConnectionChecker.h; sourceTree = "<group>"; };
		9BFEBB211C555A5600B83A52 /* InternetConnectionChecker.m */ = {isa = PBXFileReference; fileEncoding = 4; lastKnownFileType = sourcecode.c.objc; name = InternetConnectionChecker.m; path = Helpers/InternetConnectionChecker.m; sourceTree = "<group>"; };
		9BFEBB261C555B5400B83A52 /* Reachability.h */ = {isa = PBXFileReference; fileEncoding = 4; lastKnownFileType = sourcecode.c.h; name = Reachability.h; path = Helpers/Reachability.h; sourceTree = "<group>"; };
		9BFEBB271C555B5400B83A52 /* Reachability.m */ = {isa = PBXFileReference; fileEncoding = 4; lastKnownFileType = sourcecode.c.objc; name = Reachability.m; path = Helpers/Reachability.m; sourceTree = "<group>"; };
/* End PBXFileReference section */

/* Begin PBXFrameworksBuildPhase section */
		9BFEBAEB1C552BFB00B83A52 /* Frameworks */ = {
			isa = PBXFrameworksBuildPhase;
			buildActionMask = 2147483647;
			files = (
				9B01BEBA1C660D9200691C74 /* libsqlite3.tbd in Frameworks */,
			);
			runOnlyForDeploymentPostprocessing = 0;
		};
/* End PBXFrameworksBuildPhase section */

/* Begin PBXGroup section */
		9B01BEBE1C66123D00691C74 /* Db */ = {
			isa = PBXGroup;
			children = (
				9B01BEFE1C669A0900691C74 /* JobMatcherDb.db */,
				9B01BEFB1C6675C000691C74 /* FMDatabasePool.h */,
				9B01BEFC1C6675C000691C74 /* FMDatabasePool.m */,
				9B01BEF51C66745800691C74 /* FMDatabase.h */,
				9B01BEF61C66745800691C74 /* FMDatabase.m */,
				9B01BEF71C66745800691C74 /* FMResultSet.h */,
				9B01BEF81C66745800691C74 /* FMResultSet.m */,
			);
			name = Db;
			sourceTree = "<group>";
		};
		9B01BED81C6622AC00691C74 /* icons */ = {
			isa = PBXGroup;
			children = (
				9B01BF131C67865C00691C74 /* edit-icon.png */,
				9B01BF111C6785C700691C74 /* add-icon.png */,
				9B01BEDA1C66237C00691C74 /* delete-icon.png */,
				9B01BEDC1C66237C00691C74 /* job-icon.png */,
				9B01BEDD1C66237C00691C74 /* job-seekers-icon.png */,
				9B01BEDE1C66237C00691C74 /* logout-icon.png */,
				9B01BEDF1C66237C00691C74 /* matches-icon.png */,
				9B01BEE01C66237C00691C74 /* message-icon.png */,
				9B01BEE11C66237C00691C74 /* o-message-icon.png */,
			);
			name = icons;
			sourceTree = "<group>";
		};
		9B01BF301C683A1C00691C74 /* JobSeeker */ = {
			isa = PBXGroup;
			children = (
				9B93F15B1C5D0FF400E39663 /* JobSeekerProfileViewModel.h */,
				9B93F15C1C5D0FF400E39663 /* JobSeekerProfileViewModel.m */,
				9B93F15E1C5D13FB00E39663 /* ProjectViewModel.h */,
				9B93F15F1C5D13FB00E39663 /* ProjectViewModel.m */,
				9B93F1611C5D152A00E39663 /* EducationViewModel.h */,
				9B93F1621C5D152A00E39663 /* EducationViewModel.m */,
				9B93F1641C5D155500E39663 /* ExperienceViewModel.h */,
				9B93F1651C5D155500E39663 /* ExperienceViewModel.m */,
				9B93F1671C5D158E00E39663 /* SkillViewModel.h */,
				9B93F1681C5D158E00E39663 /* SkillViewModel.m */,
				9B01BF1E1C67F13300691C74 /* AddProjectViewModel.h */,
				9B01BF1F1C67F13300691C74 /* AddProjectViewModel.m */,
				9B01BF271C6803C000691C74 /* AddSkillViewModel.h */,
				9B01BF281C6803C000691C74 /* AddSkillViewModel.m */,
				9B01BF2D1C6819B900691C74 /* EditJobSeekerProfileViewModel.h */,
				9B01BF2E1C6819B900691C74 /* EditJobSeekerProfileViewModel.m */,
			);
			name = JobSeeker;
			sourceTree = "<group>";
		};
		9B01BF311C683A3200691C74 /* Recruiter */ = {
			isa = PBXGroup;
			children = (
				9B93F16A1C5D15B600E39663 /* JobOfferViewModel.h */,
				9B93F16B1C5D15B600E39663 /* JobOfferViewModel.m */,
				9B086B231C5FD4D3002E39D3 /* RecruiterProfileViewModel.h */,
				9B086B241C5FD4D3002E39D3 /* RecruiterProfileViewModel.m */,
				9B01BF181C67943300691C74 /* AddJobOfferViewModel.h */,
				9B01BF191C67943300691C74 /* AddJobOfferViewModel.m */,
			);
			name = Recruiter;
			sourceTree = "<group>";
		};
		9B93F1111C5807E600E39663 /* Recruiter */ = {
			isa = PBXGroup;
			children = (
				9B93F1121C58081300E39663 /* RecruiterHomeViewController.h */,
				9B93F1131C58081300E39663 /* RecruiterHomeViewController.m */,
				9B086B2B1C6003EB002E39D3 /* JobOfferViewController.h */,
				9B086B2C1C6003EB002E39D3 /* JobOfferViewController.m */,
				9B086B561C64D846002E39D3 /* RecruiterMatchesViewController.h */,
				9B086B571C64D846002E39D3 /* RecruiterMatchesViewController.m */,
				9B01BF151C6787DA00691C74 /* AddJobOfferViewController.h */,
				9B01BF161C6787DA00691C74 /* AddJobOfferViewController.m */,
			);
			name = Recruiter;
			sourceTree = "<group>";
		};
		9B93F1151C58082200E39663 /* JobSeeker */ = {
			isa = PBXGroup;
			children = (
				9B93F1161C58084700E39663 /* JobSeekerHomeViewController.h */,
				9B93F1171C58084700E39663 /* JobSeekerHomeViewController.m */,
				9B086B311C612E7D002E39D3 /* JobSeekerMatchesViewController.h */,
				9B086B321C612E7D002E39D3 /* JobSeekerMatchesViewController.m */,
				9B01BF211C67F37A00691C74 /* AddProjectViewController.h */,
				9B01BF221C67F37A00691C74 /* AddProjectViewController.m */,
				9B01BF241C68038B00691C74 /* AddSkillViewController.h */,
				9B01BF251C68038B00691C74 /* AddSkillViewController.m */,
				9B01BF2A1C6814E700691C74 /* AddSummaryViewController.h */,
				9B01BF2B1C6814E700691C74 /* AddSummaryViewController.m */,
			);
			name = JobSeeker;
			sourceTree = "<group>";
		};
		9B93F1531C5CE97500E39663 /* Common */ = {
			isa = PBXGroup;
			children = (
				9B01BF071C66C59800691C74 /* SweetAlert.swift */,
				9B01BF031C66B2E300691C74 /* JobMatcher.iOS-Bridging-Header.h */,
				9BFEBB261C555B5400B83A52 /* Reachability.h */,
				9BFEBB271C555B5400B83A52 /* Reachability.m */,
				9BFEBB171C553A2F00B83A52 /* GlobalConstants.h */,
				9BFEBB181C553A2F00B83A52 /* GlobalConstants.m */,
				9BFEBB201C555A5600B83A52 /* InternetConnectionChecker.h */,
				9BFEBB211C555A5600B83A52 /* InternetConnectionChecker.m */,
				9B93F0CC1C56A1B500E39663 /* Validator.h */,
				9B93F0CD1C56A1B500E39663 /* Validator.m */,
				9B93F0CF1C56B66C00E39663 /* HelperMethods.h */,
				9B93F0D01C56B66C00E39663 /* HelperMethods.m */,
				9B93F0DB1C56EABB00E39663 /* KeychainUserPass.h */,
				9B93F0DC1C56EABB00E39663 /* KeychainUserPass.m */,
				9B01BF041C66BAC800691C74 /* BackgroundTask.h */,
				9B01BF051C66BAC800691C74 /* BackgroundTask.m */,
				9B01BF1B1C67A63D00691C74 /* LocationProvider.h */,
				9B01BF1C1C67A63D00691C74 /* LocationProvider.m */,
			);
			name = Common;
			sourceTree = "<group>";
		};
		9B93F1B21C5E0D8A00E39663 /* CollapseClick */ = {
			isa = PBXGroup;
			children = (
				9B93F1A71C5E0D8400E39663 /* CollapseClick.h */,
				9B93F1A81C5E0D8400E39663 /* CollapseClick.m */,
				9B93F1A91C5E0D8400E39663 /* CollapseClickArrow.h */,
				9B93F1AA1C5E0D8400E39663 /* CollapseClickArrow.m */,
				9B93F1AB1C5E0D8400E39663 /* CollapseClickCell.h */,
				9B93F1AC1C5E0D8400E39663 /* CollapseClickCell.m */,
				9B93F1AD1C5E0D8400E39663 /* CollapseClickCell.xib */,
			);
			name = CollapseClick;
			sourceTree = "<group>";
		};
		9BFEBAE51C552BFB00B83A52 = {
			isa = PBXGroup;
			children = (
				9B01BEB91C660D9200691C74 /* libsqlite3.tbd */,
				9BFEBAF01C552BFC00B83A52 /* JobMatcher.iOS */,
				9BFEBAEF1C552BFB00B83A52 /* Products */,
			);
			sourceTree = "<group>";
		};
		9BFEBAEF1C552BFB00B83A52 /* Products */ = {
			isa = PBXGroup;
			children = (
				9BFEBAEE1C552BFB00B83A52 /* JobMatcher.iOS.app */,
			);
			name = Products;
			sourceTree = "<group>";
		};
		9BFEBAF01C552BFC00B83A52 /* JobMatcher.iOS */ = {
			isa = PBXGroup;
			children = (
				9B01BEBE1C66123D00691C74 /* Db */,
				9B93F1531C5CE97500E39663 /* Common */,
				9BFEBB111C552E3F00B83A52 /* ViewControllers */,
				9BFEBB101C552E3900B83A52 /* Views */,
				9BFEBB0F1C552E0400B83A52 /* Models */,
				9BFEBB0B1C552C6C00B83A52 /* Data */,
				9BFEBAF41C552BFC00B83A52 /* AppDelegate.h */,
				9BFEBAF51C552BFC00B83A52 /* AppDelegate.m */,
				9BFEBAF71C552BFC00B83A52 /* ViewController.h */,
				9BFEBAF81C552BFC00B83A52 /* ViewController.m */,
				9B93F1501C5CDC6F00E39663 /* Main.storyboard */,
				9BFEBB001C552BFC00B83A52 /* Assets.xcassets */,
				9BFEBB021C552BFC00B83A52 /* LaunchScreen.storyboard */,
				9BFEBB051C552BFC00B83A52 /* Info.plist */,
				9BFEBAFD1C552BFC00B83A52 /* JobMatcher_iOS.xcdatamodeld */,
				9BFEBAF11C552BFC00B83A52 /* Supporting Files */,
			);
			path = JobMatcher.iOS;
			sourceTree = "<group>";
		};
		9BFEBAF11C552BFC00B83A52 /* Supporting Files */ = {
			isa = PBXGroup;
			children = (
				9B01BF441C685EA400691C74 /* pattern-w.jpg */,
				9B01BEEB1C66239100691C74 /* default_profile_img.jpg */,
				9B01BED81C6622AC00691C74 /* icons */,
				9BFEBAF21C552BFC00B83A52 /* main.m */,
			);
			name = "Supporting Files";
			sourceTree = "<group>";
		};
		9BFEBB0B1C552C6C00B83A52 /* Data */ = {
			isa = PBXGroup;
			children = (
				9BFEBB0C1C552CEA00B83A52 /* HttpRequester.h */,
				9BFEBB0D1C552CEA00B83A52 /* HttpRequester.m */,
				9B93F0C61C5685A800E39663 /* AccountService.h */,
				9B93F0C71C5685A800E39663 /* AccountService.m */,
				9B93F1581C5CF99400E39663 /* JobSeekerService.h */,
				9B93F1591C5CF99400E39663 /* JobSeekerService.m */,
				9B93F1CA1C5E897800E39663 /* RecruiterService.h */,
				9B93F1CB1C5E897800E39663 /* RecruiterService.m */,
				9B93F1CD1C5EA38700E39663 /* MatchService.h */,
				9B93F1CE1C5EA38700E39663 /* MatchService.m */,
				9B086B2E1C60294D002E39D3 /* JobOfferService.h */,
				9B086B2F1C60294D002E39D3 /* JobOfferService.m */,
				9B01BEBB1C660F2900691C74 /* JobMatcherDatabase.h */,
				9B01BEBC1C660F2900691C74 /* JobMatcherDatabase.m */,
				9B01BF0B1C6748F500691C74 /* MessageService.h */,
				9B01BF0C1C6748F500691C74 /* MessageService.m */,
			);
			name = Data;
			sourceTree = "<group>";
		};
		9BFEBB0F1C552E0400B83A52 /* Models */ = {
			isa = PBXGroup;
			children = (
				9B93F0C91C56862700E39663 /* UserDataModel.h */,
				9B93F0CA1C56862700E39663 /* UserDataModel.m */,
				9B01BF301C683A1C00691C74 /* JobSeeker */,
				9B01BF311C683A3200691C74 /* Recruiter */,
				9B93F16D1C5D15D600E39663 /* MessageViewModel.h */,
				9B93F16E1C5D15D600E39663 /* MessageViewModel.m */,
				9B93F1D01C5EABF400E39663 /* AddLikeViewModel.h */,
				9B93F1D11C5EABF400E39663 /* AddLikeViewModel.m */,
				9B93F1D31C5EC56300E39663 /* AddDislikeViewModel.h */,
				9B93F1D41C5EC56300E39663 /* AddDislikeViewModel.m */,
				9B01BF0E1C6749B400691C74 /* AddMessageViewModel.h */,
				9B01BF0F1C6749B400691C74 /* AddMessageViewModel.m */,
			);
			name = Models;
			sourceTree = "<group>";
		};
		9BFEBB101C552E3900B83A52 /* Views */ = {
			isa = PBXGroup;
			children = (
				9B93F1B21C5E0D8A00E39663 /* CollapseClick */,
				9B93F1941C5D5F1B00E39663 /* ProjectsTableViewCell.h */,
				9B93F1951C5D5F1B00E39663 /* ProjectsTableViewCell.m */,
				9B93F1961C5D5F1B00E39663 /* ProjectsTableViewCell.xib */,
				9B93F1B81C5E1F0100E39663 /* UILabel+dynamicSizeMe.h */,
				9B93F1B91C5E1F0100E39663 /* UILabel+dynamicSizeMe.m */,
				9B93F1BB1C5E323B00E39663 /* SkillsTableViewCell.h */,
				9B93F1BC1C5E323B00E39663 /* SkillsTableViewCell.m */,
				9B93F1BD1C5E323B00E39663 /* SkillsTableViewCell.xib */,
				9B93F1C01C5E3F1100E39663 /* ExperienceTableViewCell.h */,
				9B93F1C11C5E3F1100E39663 /* ExperienceTableViewCell.m */,
				9B93F1C21C5E3F1100E39663 /* ExperienceTableViewCell.xib */,
				9B93F1C51C5E659300E39663 /* EducationTableViewCell.h */,
				9B93F1C61C5E659300E39663 /* EducationTableViewCell.m */,
				9B93F1C71C5E659300E39663 /* EducationTableViewCell.xib */,
				9B086B261C5FD9CE002E39D3 /* JobOfferTableViewCell.h */,
				9B086B271C5FD9CE002E39D3 /* JobOfferTableViewCell.m */,
				9B086B281C5FD9CE002E39D3 /* JobOfferTableViewCell.xib */,
				9B086B3E1C626588002E39D3 /* JobSeekerMatchTableViewCell.h */,
				9B086B3F1C626588002E39D3 /* JobSeekerMatchTableViewCell.m */,
				9B086B401C626588002E39D3 /* JobSeekerMatchTableViewCell.xib */,
				9B086B4C1C62BD66002E39D3 /* JobSeekerMessageTableViewCell.h */,
				9B086B4D1C62BD66002E39D3 /* JobSeekerMessageTableViewCell.m */,
				9B086B4E1C62BD66002E39D3 /* JobSeekerMessageTableViewCell.xib */,
				9B086B511C62BE8F002E39D3 /* RecruiterMessageTableViewCell.h */,
				9B086B521C62BE8F002E39D3 /* RecruiterMessageTableViewCell.m */,
				9B086B531C62BE8F002E39D3 /* RecruiterMessageTableViewCell.xib */,
				9B086B591C64E2DF002E39D3 /* RecruiterMatchTableViewCell.h */,
				9B086B5A1C64E2DF002E39D3 /* RecruiterMatchTableViewCell.m */,
				9B086B5B1C64E2DF002E39D3 /* RecruiterMatchTableViewCell.xib */,
			);
			name = Views;
			sourceTree = "<group>";
		};
		9BFEBB111C552E3F00B83A52 /* ViewControllers */ = {
			isa = PBXGroup;
			children = (
				9B93F1151C58082200E39663 /* JobSeeker */,
				9B93F1111C5807E600E39663 /* Recruiter */,
				9BFEBB131C55365800B83A52 /* Account */,
				9B93F0D21C56DE1200E39663 /* HomeViewController.h */,
				9B93F0D31C56DE1200E39663 /* HomeViewController.m */,
				9B086B431C627049002E39D3 /* ChatViewController.h */,
				9B086B441C627049002E39D3 /* ChatViewController.m */,
			);
			name = ViewControllers;
			sourceTree = "<group>";
		};
		9BFEBB131C55365800B83A52 /* Account */ = {
			isa = PBXGroup;
			children = (
				9BFEBB141C55368900B83A52 /* LoginViewController.h */,
				9BFEBB151C55368900B83A52 /* LoginViewController.m */,
				9BFEBB1D1C554B9D00B83A52 /* RegisterViewController.h */,
				9BFEBB1E1C554B9D00B83A52 /* RegisterViewController.m */,
			);
			name = Account;
			sourceTree = "<group>";
		};
/* End PBXGroup section */

/* Begin PBXNativeTarget section */
		9BFEBAED1C552BFB00B83A52 /* JobMatcher.iOS */ = {
			isa = PBXNativeTarget;
			buildConfigurationList = 9BFEBB081C552BFC00B83A52 /* Build configuration list for PBXNativeTarget "JobMatcher.iOS" */;
			buildPhases = (
				9BFEBAEA1C552BFB00B83A52 /* Sources */,
				9BFEBAEB1C552BFB00B83A52 /* Frameworks */,
				9BFEBAEC1C552BFB00B83A52 /* Resources */,
			);
			buildRules = (
			);
			dependencies = (
			);
			name = JobMatcher.iOS;
			productName = JobMatcher.iOS;
			productReference = 9BFEBAEE1C552BFB00B83A52 /* JobMatcher.iOS.app */;
			productType = "com.apple.product-type.application";
		};
/* End PBXNativeTarget section */

/* Begin PBXProject section */
		9BFEBAE61C552BFB00B83A52 /* Project object */ = {
			isa = PBXProject;
			attributes = {
				LastUpgradeCheck = 0720;
				ORGANIZATIONNAME = svetlai;
				TargetAttributes = {
					9BFEBAED1C552BFB00B83A52 = {
						CreatedOnToolsVersion = 7.2;
						SystemCapabilities = {
							com.apple.BackgroundModes = {
								enabled = 0;
							};
						};
					};
				};
			};
			buildConfigurationList = 9BFEBAE91C552BFB00B83A52 /* Build configuration list for PBXProject "JobMatcher.iOS" */;
			compatibilityVersion = "Xcode 3.2";
			developmentRegion = English;
			hasScannedForEncodings = 0;
			knownRegions = (
				en,
				Base,
			);
			mainGroup = 9BFEBAE51C552BFB00B83A52;
			productRefGroup = 9BFEBAEF1C552BFB00B83A52 /* Products */;
			projectDirPath = "";
			projectRoot = "";
			targets = (
				9BFEBAED1C552BFB00B83A52 /* JobMatcher.iOS */,
			);
		};
/* End PBXProject section */

/* Begin PBXResourcesBuildPhase section */
		9BFEBAEC1C552BFB00B83A52 /* Resources */ = {
			isa = PBXResourcesBuildPhase;
			buildActionMask = 2147483647;
			files = (
				9B93F1521C5CDC6F00E39663 /* Main.storyboard in Resources */,
				9B93F1B11C5E0D8400E39663 /* CollapseClickCell.xib in Resources */,
				9B01BF451C685EA400691C74 /* pattern-w.jpg in Resources */,
				9BFEBB041C552BFC00B83A52 /* LaunchScreen.storyboard in Resources */,
				9B01BEE61C66237C00691C74 /* job-seekers-icon.png in Resources */,
				9BFEBB011C552BFC00B83A52 /* Assets.xcassets in Resources */,
				9B086B501C62BD66002E39D3 /* JobSeekerMessageTableViewCell.xib in Resources */,
				9B01BEE91C66237C00691C74 /* message-icon.png in Resources */,
				9B01BEEC1C66239100691C74 /* default_profile_img.jpg in Resources */,
				9B01BEFF1C669A0900691C74 /* JobMatcherDb.db in Resources */,
				9B086B2A1C5FD9CE002E39D3 /* JobOfferTableViewCell.xib in Resources */,
				9B01BEE81C66237C00691C74 /* matches-icon.png in Resources */,
				9B086B421C626588002E39D3 /* JobSeekerMatchTableViewCell.xib in Resources */,
				9B01BF141C67865C00691C74 /* edit-icon.png in Resources */,
				9B01BEE51C66237C00691C74 /* job-icon.png in Resources */,
				9B01BF121C6785C700691C74 /* add-icon.png in Resources */,
				9B01BEEA1C66237C00691C74 /* o-message-icon.png in Resources */,
				9B93F1BF1C5E323B00E39663 /* SkillsTableViewCell.xib in Resources */,
				9B086B5D1C64E2DF002E39D3 /* RecruiterMatchTableViewCell.xib in Resources */,
				9B01BEE31C66237C00691C74 /* delete-icon.png in Resources */,
				9B086B551C62BE8F002E39D3 /* RecruiterMessageTableViewCell.xib in Resources */,
				9B93F1981C5D5F1B00E39663 /* ProjectsTableViewCell.xib in Resources */,
				9B93F1C41C5E3F1100E39663 /* ExperienceTableViewCell.xib in Resources */,
				9B01BEE71C66237C00691C74 /* logout-icon.png in Resources */,
				9B93F1C91C5E659300E39663 /* EducationTableViewCell.xib in Resources */,
			);
			runOnlyForDeploymentPostprocessing = 0;
		};
/* End PBXResourcesBuildPhase section */

/* Begin PBXSourcesBuildPhase section */
		9BFEBAEA1C552BFB00B83A52 /* Sources */ = {
			isa = PBXSourcesBuildPhase;
			buildActionMask = 2147483647;
			files = (
				9BFEBB191C553A2F00B83A52 /* GlobalConstants.m in Sources */,
				9B93F15D1C5D0FF400E39663 /* JobSeekerProfileViewModel.m in Sources */,
				9B01BF291C6803C000691C74 /* AddSkillViewModel.m in Sources */,
				9B93F1C81C5E659300E39663 /* EducationTableViewCell.m in Sources */,
				9B93F0DD1C56EABB00E39663 /* KeychainUserPass.m in Sources */,
				9BFEBB0E1C552CEA00B83A52 /* HttpRequester.m in Sources */,
				9B086B5C1C64E2DF002E39D3 /* RecruiterMatchTableViewCell.m in Sources */,
				9B01BEFA1C66745800691C74 /* FMResultSet.m in Sources */,
				9B93F0D11C56B66C00E39663 /* HelperMethods.m in Sources */,
				9B93F1BE1C5E323B00E39663 /* SkillsTableViewCell.m in Sources */,
				9BFEBAFF1C552BFC00B83A52 /* JobMatcher_iOS.xcdatamodeld in Sources */,
				9B93F16F1C5D15D600E39663 /* MessageViewModel.m in Sources */,
				9B93F1AF1C5E0D8400E39663 /* CollapseClickArrow.m in Sources */,
				9B01BF2F1C6819B900691C74 /* EditJobSeekerProfileViewModel.m in Sources */,
				9B086B4F1C62BD66002E39D3 /* JobSeekerMessageTableViewCell.m in Sources */,
				9B01BF171C6787DA00691C74 /* AddJobOfferViewController.m in Sources */,
				9B086B291C5FD9CE002E39D3 /* JobOfferTableViewCell.m in Sources */,
				9B01BF101C6749B400691C74 /* AddMessageViewModel.m in Sources */,
				9BFEBB161C55368900B83A52 /* LoginViewController.m in Sources */,
				9B01BF1D1C67A63D00691C74 /* LocationProvider.m in Sources */,
				9B93F1141C58081300E39663 /* RecruiterHomeViewController.m in Sources */,
				9B93F1D51C5EC56300E39663 /* AddDislikeViewModel.m in Sources */,
				9B93F0C81C5685A800E39663 /* AccountService.m in Sources */,
				9BFEBB281C555B5400B83A52 /* Reachability.m in Sources */,
				9B01BF081C66C59800691C74 /* SweetAlert.swift in Sources */,
				9B086B411C626588002E39D3 /* JobSeekerMatchTableViewCell.m in Sources */,
				9B086B451C627049002E39D3 /* ChatViewController.m in Sources */,
				9B93F15A1C5CF99400E39663 /* JobSeekerService.m in Sources */,
				9B01BF2C1C6814E700691C74 /* AddSummaryViewController.m in Sources */,
				9B01BEF91C66745800691C74 /* FMDatabase.m in Sources */,
				9B93F1BA1C5E1F0100E39663 /* UILabel+dynamicSizeMe.m in Sources */,
				9B086B251C5FD4D3002E39D3 /* RecruiterProfileViewModel.m in Sources */,
				9BFEBB221C555A5600B83A52 /* InternetConnectionChecker.m in Sources */,
				9B086B541C62BE8F002E39D3 /* RecruiterMessageTableViewCell.m in Sources */,
				9B93F0D41C56DE1200E39663 /* HomeViewController.m in Sources */,
				9B01BF061C66BAC800691C74 /* BackgroundTask.m in Sources */,
				9B93F0CE1C56A1B500E39663 /* Validator.m in Sources */,
				9B086B331C612E7D002E39D3 /* JobSeekerMatchesViewController.m in Sources */,
				9B93F1D21C5EABF400E39663 /* AddLikeViewModel.m in Sources */,
				9B93F16C1C5D15B600E39663 /* JobOfferViewModel.m in Sources */,
				9B086B301C60294D002E39D3 /* JobOfferService.m in Sources */,
				9B93F1971C5D5F1B00E39663 /* ProjectsTableViewCell.m in Sources */,
				9B93F1691C5D158E00E39663 /* SkillViewModel.m in Sources */,
				9BFEBAF91C552BFC00B83A52 /* ViewController.m in Sources */,
				9B93F1CC1C5E897800E39663 /* RecruiterService.m in Sources */,
				9B93F1AE1C5E0D8400E39663 /* CollapseClick.m in Sources */,
				9B01BF0D1C6748F500691C74 /* MessageService.m in Sources */,
				9B01BF231C67F37A00691C74 /* AddProjectViewController.m in Sources */,
				9BFEBAF61C552BFC00B83A52 /* AppDelegate.m in Sources */,
				9B93F1601C5D13FB00E39663 /* ProjectViewModel.m in Sources */,
				9B086B2D1C6003EB002E39D3 /* JobOfferViewController.m in Sources */,
				9B93F1B01C5E0D8400E39663 /* CollapseClickCell.m in Sources */,
				9B93F1181C58084700E39663 /* JobSeekerHomeViewController.m in Sources */,
				9B086B581C64D846002E39D3 /* RecruiterMatchesViewController.m in Sources */,
				9BFEBAF31C552BFC00B83A52 /* main.m in Sources */,
				9B01BF1A1C67943300691C74 /* AddJobOfferViewModel.m in Sources */,
				9B93F1631C5D152A00E39663 /* EducationViewModel.m in Sources */,
				9B93F1661C5D155500E39663 /* ExperienceViewModel.m in Sources */,
				9B01BEBD1C660F2900691C74 /* JobMatcherDatabase.m in Sources */,
				9BFEBB1F1C554B9D00B83A52 /* RegisterViewController.m in Sources */,
				9B01BF261C68038B00691C74 /* AddSkillViewController.m in Sources */,
				9B01BEFD1C6675C000691C74 /* FMDatabasePool.m in Sources */,
				9B93F1C31C5E3F1100E39663 /* ExperienceTableViewCell.m in Sources */,
				9B01BF201C67F13300691C74 /* AddProjectViewModel.m in Sources */,
				9B93F0CB1C56862700E39663 /* UserDataModel.m in Sources */,
				9B93F1CF1C5EA38700E39663 /* MatchService.m in Sources */,
			);
			runOnlyForDeploymentPostprocessing = 0;
		};
/* End PBXSourcesBuildPhase section */

/* Begin PBXVariantGroup section */
		9B93F1501C5CDC6F00E39663 /* Main.storyboard */ = {
			isa = PBXVariantGroup;
			children = (
				9B93F1511C5CDC6F00E39663 /* Base */,
			);
			name = Main.storyboard;
			sourceTree = "<group>";
		};
		9BFEBB021C552BFC00B83A52 /* LaunchScreen.storyboard */ = {
			isa = PBXVariantGroup;
			children = (
				9BFEBB031C552BFC00B83A52 /* Base */,
			);
			name = LaunchScreen.storyboard;
			sourceTree = "<group>";
		};
/* End PBXVariantGroup section */

/* Begin XCBuildConfiguration section */
		9BFEBB061C552BFC00B83A52 /* Debug */ = {
			isa = XCBuildConfiguration;
			buildSettings = {
				ALWAYS_SEARCH_USER_PATHS = NO;
				CLANG_CXX_LANGUAGE_STANDARD = "gnu++0x";
				CLANG_CXX_LIBRARY = "libc++";
				CLANG_ENABLE_MODULES = YES;
				CLANG_ENABLE_OBJC_ARC = YES;
				CLANG_WARN_BOOL_CONVERSION = YES;
				CLANG_WARN_CONSTANT_CONVERSION = YES;
				CLANG_WARN_DIRECT_OBJC_ISA_USAGE = YES_ERROR;
				CLANG_WARN_EMPTY_BODY = YES;
				CLANG_WARN_ENUM_CONVERSION = YES;
				CLANG_WARN_INT_CONVERSION = YES;
				CLANG_WARN_OBJC_ROOT_CLASS = YES_ERROR;
				CLANG_WARN_UNREACHABLE_CODE = YES;
				CLANG_WARN__DUPLICATE_METHOD_MATCH = YES;
				"CODE_SIGN_IDENTITY[sdk=iphoneos*]" = "iPhone Developer";
				COPY_PHASE_STRIP = NO;
				DEBUG_INFORMATION_FORMAT = dwarf;
				ENABLE_STRICT_OBJC_MSGSEND = YES;
				ENABLE_TESTABILITY = YES;
				GCC_C_LANGUAGE_STANDARD = gnu99;
				GCC_DYNAMIC_NO_PIC = NO;
				GCC_NO_COMMON_BLOCKS = YES;
				GCC_OPTIMIZATION_LEVEL = 0;
				GCC_PREPROCESSOR_DEFINITIONS = (
					"DEBUG=1",
					"$(inherited)",
				);
				GCC_WARN_64_TO_32_BIT_CONVERSION = YES;
				GCC_WARN_ABOUT_RETURN_TYPE = YES_ERROR;
				GCC_WARN_UNDECLARED_SELECTOR = YES;
				GCC_WARN_UNINITIALIZED_AUTOS = YES_AGGRESSIVE;
				GCC_WARN_UNUSED_FUNCTION = YES;
				GCC_WARN_UNUSED_VARIABLE = YES;
				IPHONEOS_DEPLOYMENT_TARGET = 9.2;
				MTL_ENABLE_DEBUG_INFO = YES;
				ONLY_ACTIVE_ARCH = YES;
				SDKROOT = iphoneos;
				TARGETED_DEVICE_FAMILY = "1,2";
			};
			name = Debug;
		};
		9BFEBB071C552BFC00B83A52 /* Release */ = {
			isa = XCBuildConfiguration;
			buildSettings = {
				ALWAYS_SEARCH_USER_PATHS = NO;
				CLANG_CXX_LANGUAGE_STANDARD = "gnu++0x";
				CLANG_CXX_LIBRARY = "libc++";
				CLANG_ENABLE_MODULES = YES;
				CLANG_ENABLE_OBJC_ARC = YES;
				CLANG_WARN_BOOL_CONVERSION = YES;
				CLANG_WARN_CONSTANT_CONVERSION = YES;
				CLANG_WARN_DIRECT_OBJC_ISA_USAGE = YES_ERROR;
				CLANG_WARN_EMPTY_BODY = YES;
				CLANG_WARN_ENUM_CONVERSION = YES;
				CLANG_WARN_INT_CONVERSION = YES;
				CLANG_WARN_OBJC_ROOT_CLASS = YES_ERROR;
				CLANG_WARN_UNREACHABLE_CODE = YES;
				CLANG_WARN__DUPLICATE_METHOD_MATCH = YES;
				"CODE_SIGN_IDENTITY[sdk=iphoneos*]" = "iPhone Developer";
				COPY_PHASE_STRIP = NO;
				DEBUG_INFORMATION_FORMAT = "dwarf-with-dsym";
				ENABLE_NS_ASSERTIONS = NO;
				ENABLE_STRICT_OBJC_MSGSEND = YES;
				GCC_C_LANGUAGE_STANDARD = gnu99;
				GCC_NO_COMMON_BLOCKS = YES;
				GCC_WARN_64_TO_32_BIT_CONVERSION = YES;
				GCC_WARN_ABOUT_RETURN_TYPE = YES_ERROR;
				GCC_WARN_UNDECLARED_SELECTOR = YES;
				GCC_WARN_UNINITIALIZED_AUTOS = YES_AGGRESSIVE;
				GCC_WARN_UNUSED_FUNCTION = YES;
				GCC_WARN_UNUSED_VARIABLE = YES;
				IPHONEOS_DEPLOYMENT_TARGET = 9.2;
				MTL_ENABLE_DEBUG_INFO = NO;
				SDKROOT = iphoneos;
				TARGETED_DEVICE_FAMILY = "1,2";
				VALIDATE_PRODUCT = YES;
			};
			name = Release;
		};
		9BFEBB091C552BFC00B83A52 /* Debug */ = {
			isa = XCBuildConfiguration;
			buildSettings = {
				ASSETCATALOG_COMPILER_APPICON_NAME = AppIcon;
				CLANG_ENABLE_MODULES = YES;
				DEFINES_MODULE = YES;
				EMBEDDED_CONTENT_CONTAINS_SWIFT = YES;
				INFOPLIST_FILE = JobMatcher.iOS/Info.plist;
				LD_RUNPATH_SEARCH_PATHS = "$(inherited) @executable_path/Frameworks";
				PRODUCT_BUNDLE_IDENTIFIER = "svetlai.JobMatcher-iOS";
				PRODUCT_NAME = "$(TARGET_NAME)";
				SWIFT_OBJC_BRIDGING_HEADER = "JobMatcher.iOS/JobMatcher.iOS-Bridging-Header.h";
				SWIFT_OPTIMIZATION_LEVEL = "-Onone";
			};
			name = Debug;
		};
		9BFEBB0A1C552BFC00B83A52 /* Release */ = {
			isa = XCBuildConfiguration;
			buildSettings = {
				ASSETCATALOG_COMPILER_APPICON_NAME = AppIcon;
				CLANG_ENABLE_MODULES = YES;
				DEFINES_MODULE = YES;
				EMBEDDED_CONTENT_CONTAINS_SWIFT = YES;
				INFOPLIST_FILE = JobMatcher.iOS/Info.plist;
				LD_RUNPATH_SEARCH_PATHS = "$(inherited) @executable_path/Frameworks";
				PRODUCT_BUNDLE_IDENTIFIER = "svetlai.JobMatcher-iOS";
				PRODUCT_NAME = "$(TARGET_NAME)";
				SWIFT_OBJC_BRIDGING_HEADER = "JobMatcher.iOS/JobMatcher.iOS-Bridging-Header.h";
			};
			name = Release;
		};
/* End XCBuildConfiguration section */

/* Begin XCConfigurationList section */
		9BFEBAE91C552BFB00B83A52 /* Build configuration list for PBXProject "JobMatcher.iOS" */ = {
			isa = XCConfigurationList;
			buildConfigurations = (
				9BFEBB061C552BFC00B83A52 /* Debug */,
				9BFEBB071C552BFC00B83A52 /* Release */,
			);
			defaultConfigurationIsVisible = 0;
			defaultConfigurationName = Release;
		};
		9BFEBB081C552BFC00B83A52 /* Build configuration list for PBXNativeTarget "JobMatcher.iOS" */ = {
			isa = XCConfigurationList;
			buildConfigurations = (
				9BFEBB091C552BFC00B83A52 /* Debug */,
				9BFEBB0A1C552BFC00B83A52 /* Release */,
			);
			defaultConfigurationIsVisible = 0;
			defaultConfigurationName = Release;
		};
/* End XCConfigurationList section */

/* Begin XCVersionGroup section */
		9BFEBAFD1C552BFC00B83A52 /* JobMatcher_iOS.xcdatamodeld */ = {
			isa = XCVersionGroup;
			children = (
				9BFEBAFE1C552BFC00B83A52 /* JobMatcher_iOS.xcdatamodel */,
			);
			currentVersion = 9BFEBAFE1C552BFC00B83A52 /* JobMatcher_iOS.xcdatamodel */;
			path = JobMatcher_iOS.xcdatamodeld;
			sourceTree = "<group>";
			versionGroupType = wrapper.xcdatamodel;
		};
/* End XCVersionGroup section */
	};
	rootObject = 9BFEBAE61C552BFB00B83A52 /* Project object */;
}
