
Microsoft Visual Studio Solution File, Format Version 12.00
# Visual Studio 2013
VisualStudioVersion = 12.0.40629.0
MinimumVisualStudioVersion = 10.0.40219.1
Project("{FAE04EC0-301F-11D3-BF4B-00C04F79EFBC}") = "JobMatcher.Models", "JobMatcher.Models\JobMatcher.Models.csproj", "{981507A0-CDB8-4E6F-A8FB-F90F7214B236}"
EndProject
Project("{FAE04EC0-301F-11D3-BF4B-00C04F79EFBC}") = "JobMatcher.Data", "JobMatcher.Data\JobMatcher.Data.csproj", "{04591657-44C3-4CF1-AB8F-5E8ADDB5BB7C}"
EndProject
Project("{FAE04EC0-301F-11D3-BF4B-00C04F79EFBC}") = "JobMatcher.Common", "JobMatcher.Common\JobMatcher.Common.csproj", "{AC4E2927-E58D-425B-84D3-55A455B475DE}"
EndProject
Project("{FAE04EC0-301F-11D3-BF4B-00C04F79EFBC}") = "JobMatcher.Api", "JobMatcher.Api\JobMatcher.Api.csproj", "{7CB873AC-8D51-4B50-8D4F-DAA7253521F4}"
EndProject
Global
	GlobalSection(SolutionConfigurationPlatforms) = preSolution
		Debug|Any CPU = Debug|Any CPU
		Release|Any CPU = Release|Any CPU
	EndGlobalSection
	GlobalSection(ProjectConfigurationPlatforms) = postSolution
		{981507A0-CDB8-4E6F-A8FB-F90F7214B236}.Debug|Any CPU.ActiveCfg = Debug|Any CPU
		{981507A0-CDB8-4E6F-A8FB-F90F7214B236}.Debug|Any CPU.Build.0 = Debug|Any CPU
		{981507A0-CDB8-4E6F-A8FB-F90F7214B236}.Release|Any CPU.ActiveCfg = Release|Any CPU
		{981507A0-CDB8-4E6F-A8FB-F90F7214B236}.Release|Any CPU.Build.0 = Release|Any CPU
		{04591657-44C3-4CF1-AB8F-5E8ADDB5BB7C}.Debug|Any CPU.ActiveCfg = Debug|Any CPU
		{04591657-44C3-4CF1-AB8F-5E8ADDB5BB7C}.Debug|Any CPU.Build.0 = Debug|Any CPU
		{04591657-44C3-4CF1-AB8F-5E8ADDB5BB7C}.Release|Any CPU.ActiveCfg = Release|Any CPU
		{04591657-44C3-4CF1-AB8F-5E8ADDB5BB7C}.Release|Any CPU.Build.0 = Release|Any CPU
		{AC4E2927-E58D-425B-84D3-55A455B475DE}.Debug|Any CPU.ActiveCfg = Debug|Any CPU
		{AC4E2927-E58D-425B-84D3-55A455B475DE}.Debug|Any CPU.Build.0 = Debug|Any CPU
		{AC4E2927-E58D-425B-84D3-55A455B475DE}.Release|Any CPU.ActiveCfg = Release|Any CPU
		{AC4E2927-E58D-425B-84D3-55A455B475DE}.Release|Any CPU.Build.0 = Release|Any CPU
		{7CB873AC-8D51-4B50-8D4F-DAA7253521F4}.Debug|Any CPU.ActiveCfg = Debug|Any CPU
		{7CB873AC-8D51-4B50-8D4F-DAA7253521F4}.Debug|Any CPU.Build.0 = Debug|Any CPU
		{7CB873AC-8D51-4B50-8D4F-DAA7253521F4}.Release|Any CPU.ActiveCfg = Release|Any CPU
		{7CB873AC-8D51-4B50-8D4F-DAA7253521F4}.Release|Any CPU.Build.0 = Release|Any CPU
	EndGlobalSection
	GlobalSection(SolutionProperties) = preSolution
		HideSolutionNode = FALSE
	EndGlobalSection
EndGlobal
